// !$*UTF8*$!
{
	archiveVersion = 1;
	classes = {
	};
	objectVersion = 46;
	objects = {

/* Begin PBXBuildFile section */
		3F1F63F71844D1C400D1B01E /* README.md in Resources */ = {isa = PBXBuildFile; fileRef = 3F1F63F11844D1C300D1B01E /* README.md */; };
		3F1F63F81844D1C400D1B01E /* release_notes.md in Resources */ = {isa = PBXBuildFile; fileRef = 3F1F63F21844D1C300D1B01E /* release_notes.md */; };
		3F1F63FD1844D2B400D1B01E /* libTestFlight.a in Frameworks */ = {isa = PBXBuildFile; fileRef = 3F1F63F01844D1C300D1B01E /* libTestFlight.a */; };
		3F3986D4184E26F6009A2D54 /* CameraFocusSquare.m in Sources */ = {isa = PBXBuildFile; fileRef = 3F3986D3184E26F6009A2D54 /* CameraFocusSquare.m */; };
		3F490CCF1844F86F00A5811E /* Localizable.strings in Resources */ = {isa = PBXBuildFile; fileRef = 3F490CD11844F86F00A5811E /* Localizable.strings */; };
		3F490CD61844F92B00A5811E /* InfoPlist.strings in Resources */ = {isa = PBXBuildFile; fileRef = 3F490CD51844F92B00A5811E /* InfoPlist.strings */; };
		3F538548185757FF00F24F35 /* shutter-photo.caf in Resources */ = {isa = PBXBuildFile; fileRef = 3F538547185757FF00F24F35 /* shutter-photo.caf */; };
		3F5385521857853F00F24F35 /* MBProgressHUD.m in Sources */ = {isa = PBXBuildFile; fileRef = 3F5385511857853F00F24F35 /* MBProgressHUD.m */; };
		3F775D7C184CB953007E8897 /* SDWebImage.framework in Frameworks */ = {isa = PBXBuildFile; fileRef = 3F775D7B184CB953007E8897 /* SDWebImage.framework */; };
		3F775D7E184CB973007E8897 /* Parse.framework in Frameworks */ = {isa = PBXBuildFile; fileRef = 3F775D7D184CB973007E8897 /* Parse.framework */; };
		3F775D82184CB9A8007E8897 /* FacebookSDK.framework in Frameworks */ = {isa = PBXBuildFile; fileRef = 3F775D81184CB9A8007E8897 /* FacebookSDK.framework */; };
		3F93AF8B18572C3100865563 /* Main.storyboard in Resources */ = {isa = PBXBuildFile; fileRef = 3F93AF8D18572C3100865563 /* Main.storyboard */; };
		E70115D4183B88570077EAB7 /* OwnerPhotoCell.m in Sources */ = {isa = PBXBuildFile; fileRef = E70115D3183B88570077EAB7 /* OwnerPhotoCell.m */; };
		E70115D7183B886A0077EAB7 /* PhotoCell.m in Sources */ = {isa = PBXBuildFile; fileRef = E70115D6183B886A0077EAB7 /* PhotoCell.m */; };
		E70115DA183B88800077EAB7 /* LikesPhotoCell.m in Sources */ = {isa = PBXBuildFile; fileRef = E70115D9183B88800077EAB7 /* LikesPhotoCell.m */; };
		E70115DD183B92F90077EAB7 /* ActionPhotoCell.m in Sources */ = {isa = PBXBuildFile; fileRef = E70115DC183B92F90077EAB7 /* ActionPhotoCell.m */; };
		E70D4977184367A1007A0445 /* UploadFilesAutomaticViewController.m in Sources */ = {isa = PBXBuildFile; fileRef = E70D4976184367A1007A0445 /* UploadFilesAutomaticViewController.m */; };
		E70D497A1843BEE4007A0445 /* DetailDescriptionViewController.m in Sources */ = {isa = PBXBuildFile; fileRef = E70D49791843BEE4007A0445 /* DetailDescriptionViewController.m */; };
		E70D49801843CDE8007A0445 /* InvitedListViewController.m in Sources */ = {isa = PBXBuildFile; fileRef = E70D497F1843CDE8007A0445 /* InvitedListViewController.m */; };
		E70D49841843CE1E007A0445 /* InvitedCell.m in Sources */ = {isa = PBXBuildFile; fileRef = E70D49831843CE1E007A0445 /* InvitedCell.m */; };
		E72055BD1833F9F1003D7AD0 /* CameraViewController.m in Sources */ = {isa = PBXBuildFile; fileRef = E72055BC1833F9F1003D7AD0 /* CameraViewController.m */; };
		E72055C018351C42003D7AD0 /* SharePhotoViewController.m in Sources */ = {isa = PBXBuildFile; fileRef = E72055BF18351C42003D7AD0 /* SharePhotoViewController.m */; };
		E72055C418352E58003D7AD0 /* Images.xcassets in Resources */ = {isa = PBXBuildFile; fileRef = E72055C318352E58003D7AD0 /* Images.xcassets */; };
		E7237A95183E470700502113 /* ChooseLastEventViewController.m in Sources */ = {isa = PBXBuildFile; fileRef = E7237A94183E470700502113 /* ChooseLastEventViewController.m */; };
		E724E57E180F02E800741528 /* MOUtility.m in Sources */ = {isa = PBXBuildFile; fileRef = E724E57D180F02E800741528 /* MOUtility.m */; };
		E7294B951845F5360087719E /* MemoriesImportCell.m in Sources */ = {isa = PBXBuildFile; fileRef = E7294B941845F5360087719E /* MemoriesImportCell.m */; };
		E7294B981845F5590087719E /* MemoriesImportViewController.m in Sources */ = {isa = PBXBuildFile; fileRef = E7294B971845F5590087719E /* MemoriesImportViewController.m */; };
		E73DF798182AEAB400E560FF /* AVFoundation.framework in Frameworks */ = {isa = PBXBuildFile; fileRef = E73DF797182AEAB400E560FF /* AVFoundation.framework */; };
		E73DF79A182AEABD00E560FF /* CoreData.framework in Frameworks */ = {isa = PBXBuildFile; fileRef = E73DF799182AEABD00E560FF /* CoreData.framework */; };
		E73DF79C182AEAD700E560FF /* CoreText.framework in Frameworks */ = {isa = PBXBuildFile; fileRef = E73DF79B182AEAD700E560FF /* CoreText.framework */; };
		E73DF79E182AEAE200E560FF /* GLKit.framework in Frameworks */ = {isa = PBXBuildFile; fileRef = E73DF79D182AEAE200E560FF /* GLKit.framework */; };
		E73DF7A0182AEAF700E560FF /* libc++.dylib in Frameworks */ = {isa = PBXBuildFile; fileRef = E73DF79F182AEAF700E560FF /* libc++.dylib */; };
		E73DF7A2182AEB0600E560FF /* libicucore.dylib in Frameworks */ = {isa = PBXBuildFile; fileRef = E73DF7A1182AEB0600E560FF /* libicucore.dylib */; };
		E73DF7A4182AEB0D00E560FF /* libz.dylib in Frameworks */ = {isa = PBXBuildFile; fileRef = E73DF7A3182AEB0D00E560FF /* libz.dylib */; };
		E73DF7A6182AEB1700E560FF /* OpenGLES.framework in Frameworks */ = {isa = PBXBuildFile; fileRef = E73DF7A5182AEB1700E560FF /* OpenGLES.framework */; };
		E73F7A561844A54E003BF2B1 /* .gitignore in Resources */ = {isa = PBXBuildFile; fileRef = E73F7A551844A54E003BF2B1 /* .gitignore */; };
		E73F7A831844AF5B003BF2B1 /* UIImage+Alpha.m in Sources */ = {isa = PBXBuildFile; fileRef = E73F7A7C1844AF5B003BF2B1 /* UIImage+Alpha.m */; };
		E73F7A841844AF5B003BF2B1 /* UIImage+AlphaAdditions.m in Sources */ = {isa = PBXBuildFile; fileRef = E73F7A7E1844AF5B003BF2B1 /* UIImage+AlphaAdditions.m */; };
		E73F7A851844AF5B003BF2B1 /* UIImage+ResizeAdditions.m in Sources */ = {isa = PBXBuildFile; fileRef = E73F7A801844AF5B003BF2B1 /* UIImage+ResizeAdditions.m */; };
		E73F7A861844AF5B003BF2B1 /* UIImage+RoundedCornerAdditions.m in Sources */ = {isa = PBXBuildFile; fileRef = E73F7A821844AF5B003BF2B1 /* UIImage+RoundedCornerAdditions.m */; };
		E745D417183CFB01007BBC3A /* CommentsCell.m in Sources */ = {isa = PBXBuildFile; fileRef = E745D416183CFB01007BBC3A /* CommentsCell.m */; };
		E74F53BA182962D000B1C1AF /* MemoriesController.m in Sources */ = {isa = PBXBuildFile; fileRef = E74F53B9182962D000B1C1AF /* MemoriesController.m */; };
		E74F753B1847A4A900F42E2A /* CustomBadge.m in Sources */ = {isa = PBXBuildFile; fileRef = E74F753A1847A4A900F42E2A /* CustomBadge.m */; };
		E74F753E1847ADAF00F42E2A /* PhotosAlbumViewController.m in Sources */ = {isa = PBXBuildFile; fileRef = E74F753D1847ADAF00F42E2A /* PhotosAlbumViewController.m */; };
		E75A0395181EB71600A26EF3 /* EventsCell.m in Sources */ = {isa = PBXBuildFile; fileRef = E75A0394181EB71600A26EF3 /* EventsCell.m */; };
		E765014F1844FD8600B96E47 /* MemorieCell.m in Sources */ = {isa = PBXBuildFile; fileRef = E765014E1844FD8600B96E47 /* MemorieCell.m */; };
		E76501521845225400B96E47 /* FirstMemorieCell.m in Sources */ = {isa = PBXBuildFile; fileRef = E76501511845225400B96E47 /* FirstMemorieCell.m */; };
		E76605A918337563009AABEE /* Constants.m in Sources */ = {isa = PBXBuildFile; fileRef = E76605A818337563009AABEE /* Constants.m */; };
		E77E1DED18585E1C00EF1F8A /* SettingsViewController.m in Sources */ = {isa = PBXBuildFile; fileRef = E77E1DEC18585E1C00EF1F8A /* SettingsViewController.m */; };
		E77E1DEF185878A800EF1F8A /* MessageUI.framework in Frameworks */ = {isa = PBXBuildFile; fileRef = E77E1DEE185878A800EF1F8A /* MessageUI.framework */; };
		E77FC7961849071900EDDE86 /* GoogleMaps.bundle in Resources */ = {isa = PBXBuildFile; fileRef = E77FC7951849071900EDDE86 /* GoogleMaps.bundle */; };
		E7896C49182293C600DEBBDC /* ListInvitationsController.m in Sources */ = {isa = PBXBuildFile; fileRef = E7896C48182293C600DEBBDC /* ListInvitationsController.m */; };
		E7896C4C182294C400DEBBDC /* InvitationCell.m in Sources */ = {isa = PBXBuildFile; fileRef = E7896C4B182294C400DEBBDC /* InvitationCell.m */; };
		E7896C841822ACA600DEBBDC /* ImageIO.framework in Frameworks */ = {isa = PBXBuildFile; fileRef = E7896C831822ACA600DEBBDC /* ImageIO.framework */; };
		E78F75B6185B669300817159 /* CGUViewController.m in Sources */ = {isa = PBXBuildFile; fileRef = E78F75B5185B669300817159 /* CGUViewController.m */; };
		E7948A391855D59F004A5351 /* Event.m in Sources */ = {isa = PBXBuildFile; fileRef = E7948A381855D59F004A5351 /* Event.m */; };
		E7948A40185626D4004A5351 /* NotificationsViewController.m in Sources */ = {isa = PBXBuildFile; fileRef = E7948A3F185626D4004A5351 /* NotificationsViewController.m */; };
		E794953F18574B2E0014CA36 /* Invitation.m in Sources */ = {isa = PBXBuildFile; fileRef = E794953E18574B2E0014CA36 /* Invitation.m */; };
		E794954518575F770014CA36 /* Notification.m in Sources */ = {isa = PBXBuildFile; fileRef = E794954418575F770014CA36 /* Notification.m */; };
		E79E5FB3181FCF1D00C8A3AC /* EventUtilities.m in Sources */ = {isa = PBXBuildFile; fileRef = E79E5FB2181FCF1D00C8A3AC /* EventUtilities.m */; };
		E7A053C6182AB84700F43ED0 /* MapKit.framework in Frameworks */ = {isa = PBXBuildFile; fileRef = E7A053C5182AB84700F43ED0 /* MapKit.framework */; };
		E7AE14801803F6870021F321 /* Foundation.framework in Frameworks */ = {isa = PBXBuildFile; fileRef = E7AE147F1803F6870021F321 /* Foundation.framework */; };
		E7AE14821803F6870021F321 /* CoreGraphics.framework in Frameworks */ = {isa = PBXBuildFile; fileRef = E7AE14811803F6870021F321 /* CoreGraphics.framework */; };
		E7AE14841803F6870021F321 /* UIKit.framework in Frameworks */ = {isa = PBXBuildFile; fileRef = E7AE14831803F6870021F321 /* UIKit.framework */; };
		E7AE148C1803F6870021F321 /* main.m in Sources */ = {isa = PBXBuildFile; fileRef = E7AE148B1803F6870021F321 /* main.m */; };
		E7AE14901803F6870021F321 /* TestParseAppDelegate.m in Sources */ = {isa = PBXBuildFile; fileRef = E7AE148F1803F6870021F321 /* TestParseAppDelegate.m */; };
		E7AE149F1803F6870021F321 /* XCTest.framework in Frameworks */ = {isa = PBXBuildFile; fileRef = E7AE149E1803F6870021F321 /* XCTest.framework */; };
		E7AE14A01803F6870021F321 /* Foundation.framework in Frameworks */ = {isa = PBXBuildFile; fileRef = E7AE147F1803F6870021F321 /* Foundation.framework */; };
		E7AE14A11803F6870021F321 /* UIKit.framework in Frameworks */ = {isa = PBXBuildFile; fileRef = E7AE14831803F6870021F321 /* UIKit.framework */; };
		E7AE14A91803F6870021F321 /* InfoPlist.strings in Resources */ = {isa = PBXBuildFile; fileRef = E7AE14A71803F6870021F321 /* InfoPlist.strings */; };
		E7AE14AB1803F6870021F321 /* TestParseTests.m in Sources */ = {isa = PBXBuildFile; fileRef = E7AE14AA1803F6870021F321 /* TestParseTests.m */; };
		E7AE14B7180599C70021F321 /* libz.1.1.3.dylib in Frameworks */ = {isa = PBXBuildFile; fileRef = E7AE14B6180599C70021F321 /* libz.1.1.3.dylib */; };
		E7AE14BB180599DE0021F321 /* AudioToolbox.framework in Frameworks */ = {isa = PBXBuildFile; fileRef = E7AE14B8180599DE0021F321 /* AudioToolbox.framework */; };
		E7AE14BC180599DE0021F321 /* CFNetwork.framework in Frameworks */ = {isa = PBXBuildFile; fileRef = E7AE14B9180599DE0021F321 /* CFNetwork.framework */; };
		E7AE14BD180599DE0021F321 /* CoreLocation.framework in Frameworks */ = {isa = PBXBuildFile; fileRef = E7AE14BA180599DE0021F321 /* CoreLocation.framework */; };
		E7AE14C318059A070021F321 /* MobileCoreServices.framework in Frameworks */ = {isa = PBXBuildFile; fileRef = E7AE14BE18059A070021F321 /* MobileCoreServices.framework */; };
		E7AE14C418059A070021F321 /* QuartzCore.framework in Frameworks */ = {isa = PBXBuildFile; fileRef = E7AE14BF18059A070021F321 /* QuartzCore.framework */; };
		E7AE14C518059A070021F321 /* Security.framework in Frameworks */ = {isa = PBXBuildFile; fileRef = E7AE14C018059A070021F321 /* Security.framework */; };
		E7AE14C618059A070021F321 /* StoreKit.framework in Frameworks */ = {isa = PBXBuildFile; fileRef = E7AE14C118059A070021F321 /* StoreKit.framework */; };
		E7AE14C718059A070021F321 /* SystemConfiguration.framework in Frameworks */ = {isa = PBXBuildFile; fileRef = E7AE14C218059A070021F321 /* SystemConfiguration.framework */; };
		E7AE150E180999C00021F321 /* FirstLaunchViewController.m in Sources */ = {isa = PBXBuildFile; fileRef = E7AE150D180999C00021F321 /* FirstLaunchViewController.m */; };
		E7B406F7181ADA86001559CF /* ListEvents.m in Sources */ = {isa = PBXBuildFile; fileRef = E7B406F6181ADA86001559CF /* ListEvents.m */; };
		E7BD58B61823E9D200A62F2F /* FbEventsUtilities.m in Sources */ = {isa = PBXBuildFile; fileRef = E7BD58B51823E9D200A62F2F /* FbEventsUtilities.m */; };
		E7C87D27184CF8CD00C586E6 /* LikesCollectionsController.m in Sources */ = {isa = PBXBuildFile; fileRef = E7C87D26184CF8CD00C586E6 /* LikesCollectionsController.m */; };
		E7CFCF27183628AA001821BF /* LoginViewController.m in Sources */ = {isa = PBXBuildFile; fileRef = E7CFCF26183628AA001821BF /* LoginViewController.m */; };
		E7CFCF2A18362939001821BF /* TutorialViewController.m in Sources */ = {isa = PBXBuildFile; fileRef = E7CFCF2918362939001821BF /* TutorialViewController.m */; };
		E7D09A9718533EE400BBCAB6 /* FbEvents.xcdatamodeld in Sources */ = {isa = PBXBuildFile; fileRef = E7D09A9518533EE400BBCAB6 /* FbEvents.xcdatamodeld */; };
		E7D193741840CC24008FD530 /* NSMutableArray+Reverse.m in Sources */ = {isa = PBXBuildFile; fileRef = E7D193731840CC24008FD530 /* NSMutableArray+Reverse.m */; };
		E7D193771840F016008FD530 /* MemoriesViewController.m in Sources */ = {isa = PBXBuildFile; fileRef = E7D193761840F016008FD530 /* MemoriesViewController.m */; };
		E7DA1B58183A9563000527A0 /* PhotoDetailViewController.m in Sources */ = {isa = PBXBuildFile; fileRef = E7DA1B57183A9563000527A0 /* PhotoDetailViewController.m */; };
		E7F10F95183F6C0A0061350A /* HeaderSectionsCollectionView.m in Sources */ = {isa = PBXBuildFile; fileRef = E7F10F94183F6C0A0061350A /* HeaderSectionsCollectionView.m */; };
		E7F10F98183F6C950061350A /* PhotosImportedViewController.m in Sources */ = {isa = PBXBuildFile; fileRef = E7F10F97183F6C950061350A /* PhotosImportedViewController.m */; };
		E7F10F9A183F81E70061350A /* AssetsLibrary.framework in Frameworks */ = {isa = PBXBuildFile; fileRef = E7F10F99183F81E70061350A /* AssetsLibrary.framework */; };
		E7F10F9E183F85E80061350A /* Photo.m in Sources */ = {isa = PBXBuildFile; fileRef = E7F10F9D183F85E80061350A /* Photo.m */; };
		E7F10FA1183FA39F0061350A /* PhotosSelectionCell.m in Sources */ = {isa = PBXBuildFile; fileRef = E7F10FA0183FA39F0061350A /* PhotosSelectionCell.m */; };
		E7FA244A182CD26C00FFDBE6 /* PhotosCollectionViewController.m in Sources */ = {isa = PBXBuildFile; fileRef = E7FA2449182CD26C00FFDBE6 /* PhotosCollectionViewController.m */; };
		E7FA244D182CE19E00FFDBE6 /* InfoHeaderCollectionView.m in Sources */ = {isa = PBXBuildFile; fileRef = E7FA244C182CE19E00FFDBE6 /* InfoHeaderCollectionView.m */; };
/* End PBXBuildFile section */

/* Begin PBXContainerItemProxy section */
		E7AE14A21803F6870021F321 /* PBXContainerItemProxy */ = {
			isa = PBXContainerItemProxy;
			containerPortal = E7AE14741803F6870021F321 /* Project object */;
			proxyType = 1;
			remoteGlobalIDString = E7AE147B1803F6870021F321;
			remoteInfo = TestParse;
		};
/* End PBXContainerItemProxy section */

/* Begin PBXFileReference section */
		3F1F63F01844D1C300D1B01E /* libTestFlight.a */ = {isa = PBXFileReference; lastKnownFileType = archive.ar; path = libTestFlight.a; sourceTree = "<group>"; };
		3F1F63F11844D1C300D1B01E /* README.md */ = {isa = PBXFileReference; fileEncoding = 4; lastKnownFileType = text; path = README.md; sourceTree = "<group>"; };
		3F1F63F21844D1C300D1B01E /* release_notes.md */ = {isa = PBXFileReference; fileEncoding = 4; lastKnownFileType = text; path = release_notes.md; sourceTree = "<group>"; };
		3F1F63F31844D1C300D1B01E /* TestFlight+AsyncLogging.h */ = {isa = PBXFileReference; fileEncoding = 4; lastKnownFileType = sourcecode.c.h; path = "TestFlight+AsyncLogging.h"; sourceTree = "<group>"; };
		3F1F63F41844D1C300D1B01E /* TestFlight+ManualSessions.h */ = {isa = PBXFileReference; fileEncoding = 4; lastKnownFileType = sourcecode.c.h; path = "TestFlight+ManualSessions.h"; sourceTree = "<group>"; };
		3F1F63F51844D1C300D1B01E /* TestFlight.h */ = {isa = PBXFileReference; fileEncoding = 4; lastKnownFileType = sourcecode.c.h; path = TestFlight.h; sourceTree = "<group>"; };
		3F3986D2184E26F6009A2D54 /* CameraFocusSquare.h */ = {isa = PBXFileReference; fileEncoding = 4; lastKnownFileType = sourcecode.c.h; path = CameraFocusSquare.h; sourceTree = "<group>"; };
		3F3986D3184E26F6009A2D54 /* CameraFocusSquare.m */ = {isa = PBXFileReference; fileEncoding = 4; lastKnownFileType = sourcecode.c.objc; path = CameraFocusSquare.m; sourceTree = "<group>"; };
		3F490CD01844F86F00A5811E /* Base */ = {isa = PBXFileReference; lastKnownFileType = text.plist.strings; name = Base; path = Base.lproj/Localizable.strings; sourceTree = "<group>"; };
		3F490CD21844F87300A5811E /* fr */ = {isa = PBXFileReference; lastKnownFileType = text.plist.strings; name = fr; path = fr.lproj/Localizable.strings; sourceTree = "<group>"; };
		3F490CD51844F92B00A5811E /* InfoPlist.strings */ = {isa = PBXFileReference; fileEncoding = 4; lastKnownFileType = text.plist.strings; path = InfoPlist.strings; sourceTree = "<group>"; };
		3F538547185757FF00F24F35 /* shutter-photo.caf */ = {isa = PBXFileReference; lastKnownFileType = file; path = "shutter-photo.caf"; sourceTree = "<group>"; };
		3F5385501857853F00F24F35 /* MBProgressHUD.h */ = {isa = PBXFileReference; fileEncoding = 4; lastKnownFileType = sourcecode.c.h; path = MBProgressHUD.h; sourceTree = "<group>"; };
		3F5385511857853F00F24F35 /* MBProgressHUD.m */ = {isa = PBXFileReference; fileEncoding = 4; lastKnownFileType = sourcecode.c.objc; path = MBProgressHUD.m; sourceTree = "<group>"; };
		3F775D7B184CB953007E8897 /* SDWebImage.framework */ = {isa = PBXFileReference; lastKnownFileType = wrapper.framework; name = SDWebImage.framework; path = Libraries/SDWebImage/SDWebImage.framework; sourceTree = "<group>"; };
		3F775D7D184CB973007E8897 /* Parse.framework */ = {isa = PBXFileReference; lastKnownFileType = wrapper.framework; name = Parse.framework; path = Libraries/Parse/Parse.framework; sourceTree = "<group>"; };
		3F775D81184CB9A8007E8897 /* FacebookSDK.framework */ = {isa = PBXFileReference; lastKnownFileType = wrapper.framework; name = FacebookSDK.framework; path = Libraries/Facebook/FacebookSDK.framework; sourceTree = "<group>"; };
		3FB793D81844E6290037878A /* fr */ = {isa = PBXFileReference; lastKnownFileType = text.plist.strings; name = fr; path = fr.lproj/InfoPlist.strings; sourceTree = "<group>"; };
		3FF33CD41860600900C32CF7 /* Base */ = {isa = PBXFileReference; lastKnownFileType = file.storyboard; name = Base; path = Base.lproj/Main.storyboard; sourceTree = "<group>"; };
		3FF33CD61860601B00C32CF7 /* fr */ = {isa = PBXFileReference; lastKnownFileType = text.plist.strings; name = fr; path = fr.lproj/Main.strings; sourceTree = "<group>"; };
		3FF33CD8186061BE00C32CF7 /* en */ = {isa = PBXFileReference; lastKnownFileType = text.plist.strings; name = en; path = en.lproj/Main.strings; sourceTree = "<group>"; };
		E70115D2183B88570077EAB7 /* OwnerPhotoCell.h */ = {isa = PBXFileReference; fileEncoding = 4; lastKnownFileType = sourcecode.c.h; path = OwnerPhotoCell.h; sourceTree = "<group>"; };
		E70115D3183B88570077EAB7 /* OwnerPhotoCell.m */ = {isa = PBXFileReference; fileEncoding = 4; lastKnownFileType = sourcecode.c.objc; path = OwnerPhotoCell.m; sourceTree = "<group>"; };
		E70115D5183B886A0077EAB7 /* PhotoCell.h */ = {isa = PBXFileReference; fileEncoding = 4; lastKnownFileType = sourcecode.c.h; path = PhotoCell.h; sourceTree = "<group>"; };
		E70115D6183B886A0077EAB7 /* PhotoCell.m */ = {isa = PBXFileReference; fileEncoding = 4; lastKnownFileType = sourcecode.c.objc; path = PhotoCell.m; sourceTree = "<group>"; };
		E70115D8183B88800077EAB7 /* LikesPhotoCell.h */ = {isa = PBXFileReference; fileEncoding = 4; lastKnownFileType = sourcecode.c.h; path = LikesPhotoCell.h; sourceTree = "<group>"; };
		E70115D9183B88800077EAB7 /* LikesPhotoCell.m */ = {isa = PBXFileReference; fileEncoding = 4; lastKnownFileType = sourcecode.c.objc; path = LikesPhotoCell.m; sourceTree = "<group>"; };
		E70115DB183B92F90077EAB7 /* ActionPhotoCell.h */ = {isa = PBXFileReference; fileEncoding = 4; lastKnownFileType = sourcecode.c.h; path = ActionPhotoCell.h; sourceTree = "<group>"; };
		E70115DC183B92F90077EAB7 /* ActionPhotoCell.m */ = {isa = PBXFileReference; fileEncoding = 4; lastKnownFileType = sourcecode.c.objc; path = ActionPhotoCell.m; sourceTree = "<group>"; };
		E70D4975184367A1007A0445 /* UploadFilesAutomaticViewController.h */ = {isa = PBXFileReference; fileEncoding = 4; lastKnownFileType = sourcecode.c.h; path = UploadFilesAutomaticViewController.h; sourceTree = "<group>"; };
		E70D4976184367A1007A0445 /* UploadFilesAutomaticViewController.m */ = {isa = PBXFileReference; fileEncoding = 4; lastKnownFileType = sourcecode.c.objc; path = UploadFilesAutomaticViewController.m; sourceTree = "<group>"; };
		E70D49781843BEE4007A0445 /* DetailDescriptionViewController.h */ = {isa = PBXFileReference; fileEncoding = 4; lastKnownFileType = sourcecode.c.h; path = DetailDescriptionViewController.h; sourceTree = "<group>"; };
		E70D49791843BEE4007A0445 /* DetailDescriptionViewController.m */ = {isa = PBXFileReference; fileEncoding = 4; lastKnownFileType = sourcecode.c.objc; path = DetailDescriptionViewController.m; sourceTree = "<group>"; };
		E70D497E1843CDE8007A0445 /* InvitedListViewController.h */ = {isa = PBXFileReference; fileEncoding = 4; lastKnownFileType = sourcecode.c.h; path = InvitedListViewController.h; sourceTree = "<group>"; };
		E70D497F1843CDE8007A0445 /* InvitedListViewController.m */ = {isa = PBXFileReference; fileEncoding = 4; lastKnownFileType = sourcecode.c.objc; path = InvitedListViewController.m; sourceTree = "<group>"; };
		E70D49821843CE1E007A0445 /* InvitedCell.h */ = {isa = PBXFileReference; fileEncoding = 4; lastKnownFileType = sourcecode.c.h; path = InvitedCell.h; sourceTree = "<group>"; };
		E70D49831843CE1E007A0445 /* InvitedCell.m */ = {isa = PBXFileReference; fileEncoding = 4; lastKnownFileType = sourcecode.c.objc; path = InvitedCell.m; sourceTree = "<group>"; };
		E72055BB1833F9F1003D7AD0 /* CameraViewController.h */ = {isa = PBXFileReference; fileEncoding = 4; lastKnownFileType = sourcecode.c.h; path = CameraViewController.h; sourceTree = "<group>"; };
		E72055BC1833F9F1003D7AD0 /* CameraViewController.m */ = {isa = PBXFileReference; fileEncoding = 4; lastKnownFileType = sourcecode.c.objc; path = CameraViewController.m; sourceTree = "<group>"; };
		E72055BE18351C42003D7AD0 /* SharePhotoViewController.h */ = {isa = PBXFileReference; fileEncoding = 4; lastKnownFileType = sourcecode.c.h; path = SharePhotoViewController.h; sourceTree = "<group>"; };
		E72055BF18351C42003D7AD0 /* SharePhotoViewController.m */ = {isa = PBXFileReference; fileEncoding = 4; lastKnownFileType = sourcecode.c.objc; path = SharePhotoViewController.m; sourceTree = "<group>"; };
		E72055C318352E58003D7AD0 /* Images.xcassets */ = {isa = PBXFileReference; lastKnownFileType = folder.assetcatalog; path = Images.xcassets; sourceTree = "<group>"; };
		E7237A93183E470700502113 /* ChooseLastEventViewController.h */ = {isa = PBXFileReference; fileEncoding = 4; lastKnownFileType = sourcecode.c.h; path = ChooseLastEventViewController.h; sourceTree = "<group>"; };
		E7237A94183E470700502113 /* ChooseLastEventViewController.m */ = {isa = PBXFileReference; fileEncoding = 4; lastKnownFileType = sourcecode.c.objc; path = ChooseLastEventViewController.m; sourceTree = "<group>"; };
		E724E57C180F02E800741528 /* MOUtility.h */ = {isa = PBXFileReference; fileEncoding = 4; lastKnownFileType = sourcecode.c.h; path = MOUtility.h; sourceTree = "<group>"; };
		E724E57D180F02E800741528 /* MOUtility.m */ = {isa = PBXFileReference; fileEncoding = 4; lastKnownFileType = sourcecode.c.objc; path = MOUtility.m; sourceTree = "<group>"; };
		E7294B931845F5360087719E /* MemoriesImportCell.h */ = {isa = PBXFileReference; fileEncoding = 4; lastKnownFileType = sourcecode.c.h; path = MemoriesImportCell.h; sourceTree = "<group>"; };
		E7294B941845F5360087719E /* MemoriesImportCell.m */ = {isa = PBXFileReference; fileEncoding = 4; lastKnownFileType = sourcecode.c.objc; path = MemoriesImportCell.m; sourceTree = "<group>"; };
		E7294B961845F5590087719E /* MemoriesImportViewController.h */ = {isa = PBXFileReference; fileEncoding = 4; lastKnownFileType = sourcecode.c.h; path = MemoriesImportViewController.h; sourceTree = "<group>"; };
		E7294B971845F5590087719E /* MemoriesImportViewController.m */ = {isa = PBXFileReference; fileEncoding = 4; lastKnownFileType = sourcecode.c.objc; path = MemoriesImportViewController.m; sourceTree = "<group>"; };
		E73DF797182AEAB400E560FF /* AVFoundation.framework */ = {isa = PBXFileReference; lastKnownFileType = wrapper.framework; name = AVFoundation.framework; path = System/Library/Frameworks/AVFoundation.framework; sourceTree = SDKROOT; };
		E73DF799182AEABD00E560FF /* CoreData.framework */ = {isa = PBXFileReference; lastKnownFileType = wrapper.framework; name = CoreData.framework; path = System/Library/Frameworks/CoreData.framework; sourceTree = SDKROOT; };
		E73DF79B182AEAD700E560FF /* CoreText.framework */ = {isa = PBXFileReference; lastKnownFileType = wrapper.framework; name = CoreText.framework; path = System/Library/Frameworks/CoreText.framework; sourceTree = SDKROOT; };
		E73DF79D182AEAE200E560FF /* GLKit.framework */ = {isa = PBXFileReference; lastKnownFileType = wrapper.framework; name = GLKit.framework; path = System/Library/Frameworks/GLKit.framework; sourceTree = SDKROOT; };
		E73DF79F182AEAF700E560FF /* libc++.dylib */ = {isa = PBXFileReference; lastKnownFileType = "compiled.mach-o.dylib"; name = "libc++.dylib"; path = "usr/lib/libc++.dylib"; sourceTree = SDKROOT; };
		E73DF7A1182AEB0600E560FF /* libicucore.dylib */ = {isa = PBXFileReference; lastKnownFileType = "compiled.mach-o.dylib"; name = libicucore.dylib; path = usr/lib/libicucore.dylib; sourceTree = SDKROOT; };
		E73DF7A3182AEB0D00E560FF /* libz.dylib */ = {isa = PBXFileReference; lastKnownFileType = "compiled.mach-o.dylib"; name = libz.dylib; path = usr/lib/libz.dylib; sourceTree = SDKROOT; };
		E73DF7A5182AEB1700E560FF /* OpenGLES.framework */ = {isa = PBXFileReference; lastKnownFileType = wrapper.framework; name = OpenGLES.framework; path = System/Library/Frameworks/OpenGLES.framework; sourceTree = SDKROOT; };
		E73F7A551844A54E003BF2B1 /* .gitignore */ = {isa = PBXFileReference; fileEncoding = 4; lastKnownFileType = text; path = .gitignore; sourceTree = "<group>"; };
		E73F7A7B1844AF5B003BF2B1 /* UIImage+Alpha.h */ = {isa = PBXFileReference; fileEncoding = 4; lastKnownFileType = sourcecode.c.h; path = "UIImage+Alpha.h"; sourceTree = "<group>"; };
		E73F7A7C1844AF5B003BF2B1 /* UIImage+Alpha.m */ = {isa = PBXFileReference; fileEncoding = 4; lastKnownFileType = sourcecode.c.objc; path = "UIImage+Alpha.m"; sourceTree = "<group>"; };
		E73F7A7D1844AF5B003BF2B1 /* UIImage+AlphaAdditions.h */ = {isa = PBXFileReference; fileEncoding = 4; lastKnownFileType = sourcecode.c.h; path = "UIImage+AlphaAdditions.h"; sourceTree = "<group>"; };
		E73F7A7E1844AF5B003BF2B1 /* UIImage+AlphaAdditions.m */ = {isa = PBXFileReference; fileEncoding = 4; lastKnownFileType = sourcecode.c.objc; path = "UIImage+AlphaAdditions.m"; sourceTree = "<group>"; };
		E73F7A7F1844AF5B003BF2B1 /* UIImage+ResizeAdditions.h */ = {isa = PBXFileReference; fileEncoding = 4; lastKnownFileType = sourcecode.c.h; path = "UIImage+ResizeAdditions.h"; sourceTree = "<group>"; };
		E73F7A801844AF5B003BF2B1 /* UIImage+ResizeAdditions.m */ = {isa = PBXFileReference; fileEncoding = 4; lastKnownFileType = sourcecode.c.objc; path = "UIImage+ResizeAdditions.m"; sourceTree = "<group>"; };
		E73F7A811844AF5B003BF2B1 /* UIImage+RoundedCornerAdditions.h */ = {isa = PBXFileReference; fileEncoding = 4; lastKnownFileType = sourcecode.c.h; path = "UIImage+RoundedCornerAdditions.h"; sourceTree = "<group>"; };
		E73F7A821844AF5B003BF2B1 /* UIImage+RoundedCornerAdditions.m */ = {isa = PBXFileReference; fileEncoding = 4; lastKnownFileType = sourcecode.c.objc; path = "UIImage+RoundedCornerAdditions.m"; sourceTree = "<group>"; };
		E745D415183CFB01007BBC3A /* CommentsCell.h */ = {isa = PBXFileReference; fileEncoding = 4; lastKnownFileType = sourcecode.c.h; path = CommentsCell.h; sourceTree = "<group>"; };
		E745D416183CFB01007BBC3A /* CommentsCell.m */ = {isa = PBXFileReference; fileEncoding = 4; lastKnownFileType = sourcecode.c.objc; path = CommentsCell.m; sourceTree = "<group>"; };
		E74F53B8182962D000B1C1AF /* MemoriesController.h */ = {isa = PBXFileReference; fileEncoding = 4; lastKnownFileType = sourcecode.c.h; path = MemoriesController.h; sourceTree = "<group>"; };
		E74F53B9182962D000B1C1AF /* MemoriesController.m */ = {isa = PBXFileReference; fileEncoding = 4; lastKnownFileType = sourcecode.c.objc; path = MemoriesController.m; sourceTree = "<group>"; };
		E74F75391847A4A900F42E2A /* CustomBadge.h */ = {isa = PBXFileReference; fileEncoding = 4; lastKnownFileType = sourcecode.c.h; path = CustomBadge.h; sourceTree = "<group>"; };
		E74F753A1847A4A900F42E2A /* CustomBadge.m */ = {isa = PBXFileReference; fileEncoding = 4; lastKnownFileType = sourcecode.c.objc; path = CustomBadge.m; sourceTree = "<group>"; };
		E74F753C1847ADAF00F42E2A /* PhotosAlbumViewController.h */ = {isa = PBXFileReference; fileEncoding = 4; lastKnownFileType = sourcecode.c.h; path = PhotosAlbumViewController.h; sourceTree = "<group>"; };
		E74F753D1847ADAF00F42E2A /* PhotosAlbumViewController.m */ = {isa = PBXFileReference; fileEncoding = 4; lastKnownFileType = sourcecode.c.objc; path = PhotosAlbumViewController.m; sourceTree = "<group>"; };
		E75A0393181EB71600A26EF3 /* EventsCell.h */ = {isa = PBXFileReference; fileEncoding = 4; lastKnownFileType = sourcecode.c.h; path = EventsCell.h; sourceTree = "<group>"; };
		E75A0394181EB71600A26EF3 /* EventsCell.m */ = {isa = PBXFileReference; fileEncoding = 4; lastKnownFileType = sourcecode.c.objc; path = EventsCell.m; sourceTree = "<group>"; };
		E765014D1844FD8600B96E47 /* MemorieCell.h */ = {isa = PBXFileReference; fileEncoding = 4; lastKnownFileType = sourcecode.c.h; path = MemorieCell.h; sourceTree = "<group>"; };
		E765014E1844FD8600B96E47 /* MemorieCell.m */ = {isa = PBXFileReference; fileEncoding = 4; lastKnownFileType = sourcecode.c.objc; path = MemorieCell.m; sourceTree = "<group>"; };
		E76501501845225400B96E47 /* FirstMemorieCell.h */ = {isa = PBXFileReference; fileEncoding = 4; lastKnownFileType = sourcecode.c.h; path = FirstMemorieCell.h; sourceTree = "<group>"; };
		E76501511845225400B96E47 /* FirstMemorieCell.m */ = {isa = PBXFileReference; fileEncoding = 4; lastKnownFileType = sourcecode.c.objc; path = FirstMemorieCell.m; sourceTree = "<group>"; };
		E76605A718337563009AABEE /* Constants.h */ = {isa = PBXFileReference; fileEncoding = 4; lastKnownFileType = sourcecode.c.h; path = Constants.h; sourceTree = "<group>"; };
		E76605A818337563009AABEE /* Constants.m */ = {isa = PBXFileReference; fileEncoding = 4; lastKnownFileType = sourcecode.c.objc; path = Constants.m; sourceTree = "<group>"; };
		E77E1DEB18585E1C00EF1F8A /* SettingsViewController.h */ = {isa = PBXFileReference; fileEncoding = 4; lastKnownFileType = sourcecode.c.h; path = SettingsViewController.h; sourceTree = "<group>"; };
		E77E1DEC18585E1C00EF1F8A /* SettingsViewController.m */ = {isa = PBXFileReference; fileEncoding = 4; lastKnownFileType = sourcecode.c.objc; path = SettingsViewController.m; sourceTree = "<group>"; };
		E77E1DEE185878A800EF1F8A /* MessageUI.framework */ = {isa = PBXFileReference; lastKnownFileType = wrapper.framework; name = MessageUI.framework; path = System/Library/Frameworks/MessageUI.framework; sourceTree = SDKROOT; };
		E77FC7951849071900EDDE86 /* GoogleMaps.bundle */ = {isa = PBXFileReference; lastKnownFileType = "wrapper.plug-in"; name = GoogleMaps.bundle; path = Libraries/GoogleMaps/GoogleMaps.framework/Versions/A/Resources/GoogleMaps.bundle; sourceTree = "<group>"; };
		E7896C47182293C600DEBBDC /* ListInvitationsController.h */ = {isa = PBXFileReference; fileEncoding = 4; lastKnownFileType = sourcecode.c.h; path = ListInvitationsController.h; sourceTree = "<group>"; };
		E7896C48182293C600DEBBDC /* ListInvitationsController.m */ = {isa = PBXFileReference; fileEncoding = 4; lastKnownFileType = sourcecode.c.objc; path = ListInvitationsController.m; sourceTree = "<group>"; };
		E7896C4A182294C400DEBBDC /* InvitationCell.h */ = {isa = PBXFileReference; fileEncoding = 4; lastKnownFileType = sourcecode.c.h; path = InvitationCell.h; sourceTree = "<group>"; };
		E7896C4B182294C400DEBBDC /* InvitationCell.m */ = {isa = PBXFileReference; fileEncoding = 4; lastKnownFileType = sourcecode.c.objc; path = InvitationCell.m; sourceTree = "<group>"; };
		E7896C831822ACA600DEBBDC /* ImageIO.framework */ = {isa = PBXFileReference; lastKnownFileType = wrapper.framework; name = ImageIO.framework; path = System/Library/Frameworks/ImageIO.framework; sourceTree = SDKROOT; };
		E78F75B4185B669300817159 /* CGUViewController.h */ = {isa = PBXFileReference; fileEncoding = 4; lastKnownFileType = sourcecode.c.h; path = CGUViewController.h; sourceTree = "<group>"; };
		E78F75B5185B669300817159 /* CGUViewController.m */ = {isa = PBXFileReference; fileEncoding = 4; lastKnownFileType = sourcecode.c.objc; path = CGUViewController.m; sourceTree = "<group>"; };
		E7948A371855D59F004A5351 /* Event.h */ = {isa = PBXFileReference; fileEncoding = 4; lastKnownFileType = sourcecode.c.h; path = Event.h; sourceTree = "<group>"; };
		E7948A381855D59F004A5351 /* Event.m */ = {isa = PBXFileReference; fileEncoding = 4; lastKnownFileType = sourcecode.c.objc; path = Event.m; sourceTree = "<group>"; };
		E7948A3E185626D4004A5351 /* NotificationsViewController.h */ = {isa = PBXFileReference; fileEncoding = 4; lastKnownFileType = sourcecode.c.h; path = NotificationsViewController.h; sourceTree = "<group>"; };
		E7948A3F185626D4004A5351 /* NotificationsViewController.m */ = {isa = PBXFileReference; fileEncoding = 4; lastKnownFileType = sourcecode.c.objc; path = NotificationsViewController.m; sourceTree = "<group>"; };
		E7949536185732430014CA36 /* FbEvents 2.xcdatamodel */ = {isa = PBXFileReference; lastKnownFileType = wrapper.xcdatamodel; path = "FbEvents 2.xcdatamodel"; sourceTree = "<group>"; };
		E794953D18574B2E0014CA36 /* Invitation.h */ = {isa = PBXFileReference; fileEncoding = 4; lastKnownFileType = sourcecode.c.h; path = Invitation.h; sourceTree = "<group>"; };
		E794953E18574B2E0014CA36 /* Invitation.m */ = {isa = PBXFileReference; fileEncoding = 4; lastKnownFileType = sourcecode.c.objc; path = Invitation.m; sourceTree = "<group>"; };
		E794954318575F770014CA36 /* Notification.h */ = {isa = PBXFileReference; fileEncoding = 4; lastKnownFileType = sourcecode.c.h; path = Notification.h; sourceTree = "<group>"; };
		E794954418575F770014CA36 /* Notification.m */ = {isa = PBXFileReference; fileEncoding = 4; lastKnownFileType = sourcecode.c.objc; path = Notification.m; sourceTree = "<group>"; };
		E79E5FB1181FCF1D00C8A3AC /* EventUtilities.h */ = {isa = PBXFileReference; fileEncoding = 4; lastKnownFileType = sourcecode.c.h; path = EventUtilities.h; sourceTree = "<group>"; };
		E79E5FB2181FCF1D00C8A3AC /* EventUtilities.m */ = {isa = PBXFileReference; fileEncoding = 4; lastKnownFileType = sourcecode.c.objc; path = EventUtilities.m; sourceTree = "<group>"; };
		E7A053C5182AB84700F43ED0 /* MapKit.framework */ = {isa = PBXFileReference; lastKnownFileType = wrapper.framework; name = MapKit.framework; path = System/Library/Frameworks/MapKit.framework; sourceTree = SDKROOT; };
		E7AE147C1803F6870021F321 /* Woovent.app */ = {isa = PBXFileReference; explicitFileType = wrapper.application; includeInIndex = 0; path = Woovent.app; sourceTree = BUILT_PRODUCTS_DIR; };
		E7AE147F1803F6870021F321 /* Foundation.framework */ = {isa = PBXFileReference; lastKnownFileType = wrapper.framework; name = Foundation.framework; path = System/Library/Frameworks/Foundation.framework; sourceTree = SDKROOT; };
		E7AE14811803F6870021F321 /* CoreGraphics.framework */ = {isa = PBXFileReference; lastKnownFileType = wrapper.framework; name = CoreGraphics.framework; path = System/Library/Frameworks/CoreGraphics.framework; sourceTree = SDKROOT; };
		E7AE14831803F6870021F321 /* UIKit.framework */ = {isa = PBXFileReference; lastKnownFileType = wrapper.framework; name = UIKit.framework; path = System/Library/Frameworks/UIKit.framework; sourceTree = SDKROOT; };
		E7AE14871803F6870021F321 /* Woovent-Info.plist */ = {isa = PBXFileReference; lastKnownFileType = text.plist.xml; path = "Woovent-Info.plist"; sourceTree = "<group>"; };
		E7AE148B1803F6870021F321 /* main.m */ = {isa = PBXFileReference; lastKnownFileType = sourcecode.c.objc; path = main.m; sourceTree = "<group>"; };
		E7AE148D1803F6870021F321 /* Woovent-Prefix.pch */ = {isa = PBXFileReference; lastKnownFileType = sourcecode.c.h; path = "Woovent-Prefix.pch"; sourceTree = "<group>"; };
		E7AE148E1803F6870021F321 /* TestParseAppDelegate.h */ = {isa = PBXFileReference; lastKnownFileType = sourcecode.c.h; path = TestParseAppDelegate.h; sourceTree = "<group>"; };
		E7AE148F1803F6870021F321 /* TestParseAppDelegate.m */ = {isa = PBXFileReference; lastKnownFileType = sourcecode.c.objc; path = TestParseAppDelegate.m; sourceTree = "<group>"; };
		E7AE149D1803F6870021F321 /* WooventTests.xctest */ = {isa = PBXFileReference; explicitFileType = wrapper.cfbundle; includeInIndex = 0; path = WooventTests.xctest; sourceTree = BUILT_PRODUCTS_DIR; };
		E7AE149E1803F6870021F321 /* XCTest.framework */ = {isa = PBXFileReference; lastKnownFileType = wrapper.framework; name = XCTest.framework; path = Library/Frameworks/XCTest.framework; sourceTree = DEVELOPER_DIR; };
		E7AE14A61803F6870021F321 /* WooventTests-Info.plist */ = {isa = PBXFileReference; lastKnownFileType = text.plist.xml; path = "WooventTests-Info.plist"; sourceTree = "<group>"; };
		E7AE14A81803F6870021F321 /* en */ = {isa = PBXFileReference; lastKnownFileType = text.plist.strings; name = en; path = en.lproj/InfoPlist.strings; sourceTree = "<group>"; };
		E7AE14AA1803F6870021F321 /* TestParseTests.m */ = {isa = PBXFileReference; lastKnownFileType = sourcecode.c.objc; path = TestParseTests.m; sourceTree = "<group>"; };
		E7AE14B6180599C70021F321 /* libz.1.1.3.dylib */ = {isa = PBXFileReference; lastKnownFileType = "compiled.mach-o.dylib"; name = libz.1.1.3.dylib; path = usr/lib/libz.1.1.3.dylib; sourceTree = SDKROOT; };
		E7AE14B8180599DE0021F321 /* AudioToolbox.framework */ = {isa = PBXFileReference; lastKnownFileType = wrapper.framework; name = AudioToolbox.framework; path = System/Library/Frameworks/AudioToolbox.framework; sourceTree = SDKROOT; };
		E7AE14B9180599DE0021F321 /* CFNetwork.framework */ = {isa = PBXFileReference; lastKnownFileType = wrapper.framework; name = CFNetwork.framework; path = System/Library/Frameworks/CFNetwork.framework; sourceTree = SDKROOT; };
		E7AE14BA180599DE0021F321 /* CoreLocation.framework */ = {isa = PBXFileReference; lastKnownFileType = wrapper.framework; name = CoreLocation.framework; path = System/Library/Frameworks/CoreLocation.framework; sourceTree = SDKROOT; };
		E7AE14BE18059A070021F321 /* MobileCoreServices.framework */ = {isa = PBXFileReference; lastKnownFileType = wrapper.framework; name = MobileCoreServices.framework; path = System/Library/Frameworks/MobileCoreServices.framework; sourceTree = SDKROOT; };
		E7AE14BF18059A070021F321 /* QuartzCore.framework */ = {isa = PBXFileReference; lastKnownFileType = wrapper.framework; name = QuartzCore.framework; path = System/Library/Frameworks/QuartzCore.framework; sourceTree = SDKROOT; };
		E7AE14C018059A070021F321 /* Security.framework */ = {isa = PBXFileReference; lastKnownFileType = wrapper.framework; name = Security.framework; path = System/Library/Frameworks/Security.framework; sourceTree = SDKROOT; };
		E7AE14C118059A070021F321 /* StoreKit.framework */ = {isa = PBXFileReference; lastKnownFileType = wrapper.framework; name = StoreKit.framework; path = System/Library/Frameworks/StoreKit.framework; sourceTree = SDKROOT; };
		E7AE14C218059A070021F321 /* SystemConfiguration.framework */ = {isa = PBXFileReference; lastKnownFileType = wrapper.framework; name = SystemConfiguration.framework; path = System/Library/Frameworks/SystemConfiguration.framework; sourceTree = SDKROOT; };
		E7AE150C180999C00021F321 /* FirstLaunchViewController.h */ = {isa = PBXFileReference; fileEncoding = 4; lastKnownFileType = sourcecode.c.h; path = FirstLaunchViewController.h; sourceTree = "<group>"; };
		E7AE150D180999C00021F321 /* FirstLaunchViewController.m */ = {isa = PBXFileReference; fileEncoding = 4; lastKnownFileType = sourcecode.c.objc; path = FirstLaunchViewController.m; sourceTree = "<group>"; };
		E7B406F5181ADA86001559CF /* ListEvents.h */ = {isa = PBXFileReference; fileEncoding = 4; lastKnownFileType = sourcecode.c.h; path = ListEvents.h; sourceTree = "<group>"; };
		E7B406F6181ADA86001559CF /* ListEvents.m */ = {isa = PBXFileReference; fileEncoding = 4; lastKnownFileType = sourcecode.c.objc; path = ListEvents.m; sourceTree = "<group>"; };
		E7BD58B41823E9D200A62F2F /* FbEventsUtilities.h */ = {isa = PBXFileReference; fileEncoding = 4; lastKnownFileType = sourcecode.c.h; path = FbEventsUtilities.h; sourceTree = "<group>"; };
		E7BD58B51823E9D200A62F2F /* FbEventsUtilities.m */ = {isa = PBXFileReference; fileEncoding = 4; lastKnownFileType = sourcecode.c.objc; path = FbEventsUtilities.m; sourceTree = "<group>"; };
		E7C87D25184CF8CD00C586E6 /* LikesCollectionsController.h */ = {isa = PBXFileReference; fileEncoding = 4; lastKnownFileType = sourcecode.c.h; path = LikesCollectionsController.h; sourceTree = "<group>"; };
		E7C87D26184CF8CD00C586E6 /* LikesCollectionsController.m */ = {isa = PBXFileReference; fileEncoding = 4; lastKnownFileType = sourcecode.c.objc; path = LikesCollectionsController.m; sourceTree = "<group>"; };
		E7CFCF25183628AA001821BF /* LoginViewController.h */ = {isa = PBXFileReference; fileEncoding = 4; lastKnownFileType = sourcecode.c.h; path = LoginViewController.h; sourceTree = "<group>"; };
		E7CFCF26183628AA001821BF /* LoginViewController.m */ = {isa = PBXFileReference; fileEncoding = 4; lastKnownFileType = sourcecode.c.objc; path = LoginViewController.m; sourceTree = "<group>"; };
		E7CFCF2818362939001821BF /* TutorialViewController.h */ = {isa = PBXFileReference; fileEncoding = 4; lastKnownFileType = sourcecode.c.h; path = TutorialViewController.h; sourceTree = "<group>"; };
		E7CFCF2918362939001821BF /* TutorialViewController.m */ = {isa = PBXFileReference; fileEncoding = 4; lastKnownFileType = sourcecode.c.objc; path = TutorialViewController.m; sourceTree = "<group>"; };
		E7D09A9618533EE400BBCAB6 /* FbEvents.xcdatamodel */ = {isa = PBXFileReference; lastKnownFileType = wrapper.xcdatamodel; path = FbEvents.xcdatamodel; sourceTree = "<group>"; };
		E7D193721840CC24008FD530 /* NSMutableArray+Reverse.h */ = {isa = PBXFileReference; fileEncoding = 4; lastKnownFileType = sourcecode.c.h; path = "NSMutableArray+Reverse.h"; sourceTree = "<group>"; };
		E7D193731840CC24008FD530 /* NSMutableArray+Reverse.m */ = {isa = PBXFileReference; fileEncoding = 4; lastKnownFileType = sourcecode.c.objc; path = "NSMutableArray+Reverse.m"; sourceTree = "<group>"; };
		E7D193751840F016008FD530 /* MemoriesViewController.h */ = {isa = PBXFileReference; fileEncoding = 4; lastKnownFileType = sourcecode.c.h; path = MemoriesViewController.h; sourceTree = "<group>"; };
		E7D193761840F016008FD530 /* MemoriesViewController.m */ = {isa = PBXFileReference; fileEncoding = 4; lastKnownFileType = sourcecode.c.objc; path = MemoriesViewController.m; sourceTree = "<group>"; };
		E7DA1B56183A9563000527A0 /* PhotoDetailViewController.h */ = {isa = PBXFileReference; fileEncoding = 4; lastKnownFileType = sourcecode.c.h; path = PhotoDetailViewController.h; sourceTree = "<group>"; };
		E7DA1B57183A9563000527A0 /* PhotoDetailViewController.m */ = {isa = PBXFileReference; fileEncoding = 4; lastKnownFileType = sourcecode.c.objc; path = PhotoDetailViewController.m; sourceTree = "<group>"; };
		E7F10F93183F6C0A0061350A /* HeaderSectionsCollectionView.h */ = {isa = PBXFileReference; fileEncoding = 4; lastKnownFileType = sourcecode.c.h; path = HeaderSectionsCollectionView.h; sourceTree = "<group>"; };
		E7F10F94183F6C0A0061350A /* HeaderSectionsCollectionView.m */ = {isa = PBXFileReference; fileEncoding = 4; lastKnownFileType = sourcecode.c.objc; path = HeaderSectionsCollectionView.m; sourceTree = "<group>"; };
		E7F10F96183F6C950061350A /* PhotosImportedViewController.h */ = {isa = PBXFileReference; fileEncoding = 4; lastKnownFileType = sourcecode.c.h; path = PhotosImportedViewController.h; sourceTree = "<group>"; };
		E7F10F97183F6C950061350A /* PhotosImportedViewController.m */ = {isa = PBXFileReference; fileEncoding = 4; lastKnownFileType = sourcecode.c.objc; path = PhotosImportedViewController.m; sourceTree = "<group>"; };
		E7F10F99183F81E70061350A /* AssetsLibrary.framework */ = {isa = PBXFileReference; lastKnownFileType = wrapper.framework; name = AssetsLibrary.framework; path = System/Library/Frameworks/AssetsLibrary.framework; sourceTree = SDKROOT; };
		E7F10F9C183F85E80061350A /* Photo.h */ = {isa = PBXFileReference; fileEncoding = 4; lastKnownFileType = sourcecode.c.h; path = Photo.h; sourceTree = "<group>"; };
		E7F10F9D183F85E80061350A /* Photo.m */ = {isa = PBXFileReference; fileEncoding = 4; lastKnownFileType = sourcecode.c.objc; path = Photo.m; sourceTree = "<group>"; };
		E7F10F9F183FA39F0061350A /* PhotosSelectionCell.h */ = {isa = PBXFileReference; fileEncoding = 4; lastKnownFileType = sourcecode.c.h; path = PhotosSelectionCell.h; sourceTree = "<group>"; };
		E7F10FA0183FA39F0061350A /* PhotosSelectionCell.m */ = {isa = PBXFileReference; fileEncoding = 4; lastKnownFileType = sourcecode.c.objc; path = PhotosSelectionCell.m; sourceTree = "<group>"; };
		E7FA2448182CD26C00FFDBE6 /* PhotosCollectionViewController.h */ = {isa = PBXFileReference; fileEncoding = 4; lastKnownFileType = sourcecode.c.h; path = PhotosCollectionViewController.h; sourceTree = "<group>"; };
		E7FA2449182CD26C00FFDBE6 /* PhotosCollectionViewController.m */ = {isa = PBXFileReference; fileEncoding = 4; lastKnownFileType = sourcecode.c.objc; path = PhotosCollectionViewController.m; sourceTree = "<group>"; };
		E7FA244B182CE19E00FFDBE6 /* InfoHeaderCollectionView.h */ = {isa = PBXFileReference; fileEncoding = 4; lastKnownFileType = sourcecode.c.h; path = InfoHeaderCollectionView.h; sourceTree = "<group>"; };
		E7FA244C182CE19E00FFDBE6 /* InfoHeaderCollectionView.m */ = {isa = PBXFileReference; fileEncoding = 4; lastKnownFileType = sourcecode.c.objc; path = InfoHeaderCollectionView.m; sourceTree = "<group>"; };
/* End PBXFileReference section */

/* Begin PBXFrameworksBuildPhase section */
		E7AE14791803F6870021F321 /* Frameworks */ = {
			isa = PBXFrameworksBuildPhase;
			buildActionMask = 2147483647;
			files = (
				E77E1DEF185878A800EF1F8A /* MessageUI.framework in Frameworks */,
				E7AE14BB180599DE0021F321 /* AudioToolbox.framework in Frameworks */,
				E73DF79A182AEABD00E560FF /* CoreData.framework in Frameworks */,
				E7A053C6182AB84700F43ED0 /* MapKit.framework in Frameworks */,
				3F1F63FD1844D2B400D1B01E /* libTestFlight.a in Frameworks */,
				E7F10F9A183F81E70061350A /* AssetsLibrary.framework in Frameworks */,
				E73DF7A4182AEB0D00E560FF /* libz.dylib in Frameworks */,
				E7AE14C718059A070021F321 /* SystemConfiguration.framework in Frameworks */,
				E7AE14C418059A070021F321 /* QuartzCore.framework in Frameworks */,
				E73DF7A6182AEB1700E560FF /* OpenGLES.framework in Frameworks */,
				3F775D7E184CB973007E8897 /* Parse.framework in Frameworks */,
				E73DF7A2182AEB0600E560FF /* libicucore.dylib in Frameworks */,
				E73DF7A0182AEAF700E560FF /* libc++.dylib in Frameworks */,
				E7896C841822ACA600DEBBDC /* ImageIO.framework in Frameworks */,
				E73DF79E182AEAE200E560FF /* GLKit.framework in Frameworks */,
				E73DF79C182AEAD700E560FF /* CoreText.framework in Frameworks */,
				E7AE14BD180599DE0021F321 /* CoreLocation.framework in Frameworks */,
				3F775D82184CB9A8007E8897 /* FacebookSDK.framework in Frameworks */,
				E73DF798182AEAB400E560FF /* AVFoundation.framework in Frameworks */,
				3F775D7C184CB953007E8897 /* SDWebImage.framework in Frameworks */,
				E7AE14C318059A070021F321 /* MobileCoreServices.framework in Frameworks */,
				E7AE14C518059A070021F321 /* Security.framework in Frameworks */,
				E7AE14C618059A070021F321 /* StoreKit.framework in Frameworks */,
				E7AE14BC180599DE0021F321 /* CFNetwork.framework in Frameworks */,
				E7AE14821803F6870021F321 /* CoreGraphics.framework in Frameworks */,
				E7AE14B7180599C70021F321 /* libz.1.1.3.dylib in Frameworks */,
				E7AE14841803F6870021F321 /* UIKit.framework in Frameworks */,
				E7AE14801803F6870021F321 /* Foundation.framework in Frameworks */,
			);
			runOnlyForDeploymentPostprocessing = 0;
		};
		E7AE149A1803F6870021F321 /* Frameworks */ = {
			isa = PBXFrameworksBuildPhase;
			buildActionMask = 2147483647;
			files = (
				E7AE149F1803F6870021F321 /* XCTest.framework in Frameworks */,
				E7AE14A11803F6870021F321 /* UIKit.framework in Frameworks */,
				E7AE14A01803F6870021F321 /* Foundation.framework in Frameworks */,
			);
			runOnlyForDeploymentPostprocessing = 0;
		};
/* End PBXFrameworksBuildPhase section */

/* Begin PBXGroup section */
		3F1F63EF1844D1C300D1B01E /* TestFlight */ = {
			isa = PBXGroup;
			children = (
				3F1F63F01844D1C300D1B01E /* libTestFlight.a */,
				3F1F63F11844D1C300D1B01E /* README.md */,
				3F1F63F21844D1C300D1B01E /* release_notes.md */,
				3F1F63F31844D1C300D1B01E /* TestFlight+AsyncLogging.h */,
				3F1F63F41844D1C300D1B01E /* TestFlight+ManualSessions.h */,
				3F1F63F51844D1C300D1B01E /* TestFlight.h */,
			);
			name = TestFlight;
			path = Libraries/TestFlight;
			sourceTree = "<group>";
		};
		3F5385461857574800F24F35 /* Sounds */ = {
			isa = PBXGroup;
			children = (
				3F538547185757FF00F24F35 /* shutter-photo.caf */,
			);
			path = Sounds;
			sourceTree = "<group>";
		};
		3F5385491857846600F24F35 /* Libraries */ = {
			isa = PBXGroup;
			children = (
				3F53854A1857847F00F24F35 /* MBProgressHUD */,
			);
			path = Libraries;
			sourceTree = "<group>";
		};
		3F53854A1857847F00F24F35 /* MBProgressHUD */ = {
			isa = PBXGroup;
			children = (
				3F5385501857853F00F24F35 /* MBProgressHUD.h */,
				3F5385511857853F00F24F35 /* MBProgressHUD.m */,
			);
			path = MBProgressHUD;
			sourceTree = "<group>";
		};
		E70115D1183B88300077EAB7 /* CellsPhotoDetail */ = {
			isa = PBXGroup;
			children = (
				E70115D2183B88570077EAB7 /* OwnerPhotoCell.h */,
				E70115D3183B88570077EAB7 /* OwnerPhotoCell.m */,
				E70115D5183B886A0077EAB7 /* PhotoCell.h */,
				E70115D6183B886A0077EAB7 /* PhotoCell.m */,
				E70115D8183B88800077EAB7 /* LikesPhotoCell.h */,
				E70115D9183B88800077EAB7 /* LikesPhotoCell.m */,
				E70115DB183B92F90077EAB7 /* ActionPhotoCell.h */,
				E70115DC183B92F90077EAB7 /* ActionPhotoCell.m */,
				E745D415183CFB01007BBC3A /* CommentsCell.h */,
				E745D416183CFB01007BBC3A /* CommentsCell.m */,
			);
			name = CellsPhotoDetail;
			sourceTree = "<group>";
		};
		E705F67C182799A800FB967E /* Events Details */ = {
			isa = PBXGroup;
			children = (
				E70D49811843CDFD007A0445 /* Invited Cells */,
				E7FA2448182CD26C00FFDBE6 /* PhotosCollectionViewController.h */,
				E7FA2449182CD26C00FFDBE6 /* PhotosCollectionViewController.m */,
				E7FA244B182CE19E00FFDBE6 /* InfoHeaderCollectionView.h */,
				E7FA244C182CE19E00FFDBE6 /* InfoHeaderCollectionView.m */,
				E70D49781843BEE4007A0445 /* DetailDescriptionViewController.h */,
				E70D49791843BEE4007A0445 /* DetailDescriptionViewController.m */,
				E70D497E1843CDE8007A0445 /* InvitedListViewController.h */,
				E70D497F1843CDE8007A0445 /* InvitedListViewController.m */,
			);
			name = "Events Details";
			sourceTree = "<group>";
		};
		E70D49811843CDFD007A0445 /* Invited Cells */ = {
			isa = PBXGroup;
			children = (
				E70D49821843CE1E007A0445 /* InvitedCell.h */,
				E70D49831843CE1E007A0445 /* InvitedCell.m */,
			);
			name = "Invited Cells";
			sourceTree = "<group>";
		};
		E72055BA1833F8B4003D7AD0 /* Photo */ = {
			isa = PBXGroup;
			children = (
				E70115D1183B88300077EAB7 /* CellsPhotoDetail */,
				E72055BB1833F9F1003D7AD0 /* CameraViewController.h */,
				E72055BC1833F9F1003D7AD0 /* CameraViewController.m */,
				3F3986D2184E26F6009A2D54 /* CameraFocusSquare.h */,
				3F3986D3184E26F6009A2D54 /* CameraFocusSquare.m */,
				E72055BE18351C42003D7AD0 /* SharePhotoViewController.h */,
				E72055BF18351C42003D7AD0 /* SharePhotoViewController.m */,
				E7DA1B56183A9563000527A0 /* PhotoDetailViewController.h */,
				E7DA1B57183A9563000527A0 /* PhotoDetailViewController.m */,
				E74F75391847A4A900F42E2A /* CustomBadge.h */,
				E74F753A1847A4A900F42E2A /* CustomBadge.m */,
				E74F753C1847ADAF00F42E2A /* PhotosAlbumViewController.h */,
				E74F753D1847ADAF00F42E2A /* PhotosAlbumViewController.m */,
				E7C87D25184CF8CD00C586E6 /* LikesCollectionsController.h */,
				E7C87D26184CF8CD00C586E6 /* LikesCollectionsController.m */,
			);
			name = Photo;
			sourceTree = "<group>";
		};
		E7237A92183E46DC00502113 /* ReLive */ = {
			isa = PBXGroup;
			children = (
				E7F10F92183F6BE70061350A /* CollectionViewPhotos */,
				E7237A93183E470700502113 /* ChooseLastEventViewController.h */,
				E7237A94183E470700502113 /* ChooseLastEventViewController.m */,
				E7F10F96183F6C950061350A /* PhotosImportedViewController.h */,
				E7F10F97183F6C950061350A /* PhotosImportedViewController.m */,
				E70D4975184367A1007A0445 /* UploadFilesAutomaticViewController.h */,
				E70D4976184367A1007A0445 /* UploadFilesAutomaticViewController.m */,
			);
			name = ReLive;
			sourceTree = "<group>";
		};
		E724E575180EF41A00741528 /* Connection */ = {
			isa = PBXGroup;
			children = (
				E7AE150C180999C00021F321 /* FirstLaunchViewController.h */,
				E7AE150D180999C00021F321 /* FirstLaunchViewController.m */,
				E7CFCF25183628AA001821BF /* LoginViewController.h */,
				E7CFCF26183628AA001821BF /* LoginViewController.m */,
				E7CFCF2818362939001821BF /* TutorialViewController.h */,
				E7CFCF2918362939001821BF /* TutorialViewController.m */,
			);
			name = Connection;
			sourceTree = "<group>";
		};
		E73F7A7A1844AF4D003BF2B1 /* UIImage */ = {
			isa = PBXGroup;
			children = (
				E73F7A7B1844AF5B003BF2B1 /* UIImage+Alpha.h */,
				E73F7A7C1844AF5B003BF2B1 /* UIImage+Alpha.m */,
				E73F7A7D1844AF5B003BF2B1 /* UIImage+AlphaAdditions.h */,
				E73F7A7E1844AF5B003BF2B1 /* UIImage+AlphaAdditions.m */,
				E73F7A7F1844AF5B003BF2B1 /* UIImage+ResizeAdditions.h */,
				E73F7A801844AF5B003BF2B1 /* UIImage+ResizeAdditions.m */,
				E73F7A811844AF5B003BF2B1 /* UIImage+RoundedCornerAdditions.h */,
				E73F7A821844AF5B003BF2B1 /* UIImage+RoundedCornerAdditions.m */,
			);
			name = UIImage;
			sourceTree = "<group>";
		};
		E75A0392181EB6FB00A26EF3 /* ListEvents */ = {
			isa = PBXGroup;
			children = (
				E7B406F5181ADA86001559CF /* ListEvents.h */,
				E7B406F6181ADA86001559CF /* ListEvents.m */,
				E75A0393181EB71600A26EF3 /* EventsCell.h */,
				E75A0394181EB71600A26EF3 /* EventsCell.m */,
			);
			name = ListEvents;
			sourceTree = "<group>";
		};
		E75A0397181EE63D00A26EF3 /* Utilities */ = {
			isa = PBXGroup;
			children = (
				E76605A718337563009AABEE /* Constants.h */,
				E76605A818337563009AABEE /* Constants.m */,
				E724E57C180F02E800741528 /* MOUtility.h */,
				E724E57D180F02E800741528 /* MOUtility.m */,
				E79E5FB1181FCF1D00C8A3AC /* EventUtilities.h */,
				E79E5FB2181FCF1D00C8A3AC /* EventUtilities.m */,
				E7BD58B41823E9D200A62F2F /* FbEventsUtilities.h */,
				E7BD58B51823E9D200A62F2F /* FbEventsUtilities.m */,
				E7D193721840CC24008FD530 /* NSMutableArray+Reverse.h */,
				E7D193731840CC24008FD530 /* NSMutableArray+Reverse.m */,
			);
			name = Utilities;
			sourceTree = "<group>";
		};
		E77E1DEA18585DF200EF1F8A /* Settings */ = {
			isa = PBXGroup;
			children = (
				E77E1DEB18585E1C00EF1F8A /* SettingsViewController.h */,
				E77E1DEC18585E1C00EF1F8A /* SettingsViewController.m */,
			);
			name = Settings;
			sourceTree = "<group>";
		};
		E7896C1D18224D0800DEBBDC /* Resources */ = {
			isa = PBXGroup;
			children = (
			);
			name = Resources;
			sourceTree = "<group>";
		};
		E7896C461822939000DEBBDC /* List Invitations */ = {
			isa = PBXGroup;
			children = (
				E7896C47182293C600DEBBDC /* ListInvitationsController.h */,
				E7896C48182293C600DEBBDC /* ListInvitationsController.m */,
				E7896C4A182294C400DEBBDC /* InvitationCell.h */,
				E7896C4B182294C400DEBBDC /* InvitationCell.m */,
			);
			name = "List Invitations";
			sourceTree = "<group>";
		};
		E7948A301855CF8B004A5351 /* Database */ = {
			isa = PBXGroup;
			children = (
				E7948A371855D59F004A5351 /* Event.h */,
				E7948A381855D59F004A5351 /* Event.m */,
				E794953D18574B2E0014CA36 /* Invitation.h */,
				E794953E18574B2E0014CA36 /* Invitation.m */,
				E794954318575F770014CA36 /* Notification.h */,
				E794954418575F770014CA36 /* Notification.m */,
			);
			name = Database;
			sourceTree = "<group>";
		};
		E7948A3D18562671004A5351 /* Notifications */ = {
			isa = PBXGroup;
			children = (
				E7948A3E185626D4004A5351 /* NotificationsViewController.h */,
				E7948A3F185626D4004A5351 /* NotificationsViewController.m */,
			);
			name = Notifications;
			sourceTree = "<group>";
		};
		E7A27F8318296131009615A8 /* Memories */ = {
			isa = PBXGroup;
			children = (
				E74F53B8182962D000B1C1AF /* MemoriesController.h */,
				E74F53B9182962D000B1C1AF /* MemoriesController.m */,
				E7D193751840F016008FD530 /* MemoriesViewController.h */,
				E7D193761840F016008FD530 /* MemoriesViewController.m */,
				E765014D1844FD8600B96E47 /* MemorieCell.h */,
				E765014E1844FD8600B96E47 /* MemorieCell.m */,
				E76501501845225400B96E47 /* FirstMemorieCell.h */,
				E76501511845225400B96E47 /* FirstMemorieCell.m */,
				E7294B931845F5360087719E /* MemoriesImportCell.h */,
				E7294B941845F5360087719E /* MemoriesImportCell.m */,
				E7294B961845F5590087719E /* MemoriesImportViewController.h */,
				E7294B971845F5590087719E /* MemoriesImportViewController.m */,
			);
			name = Memories;
			sourceTree = "<group>";
		};
		E7AE14731803F6870021F321 = {
			isa = PBXGroup;
			children = (
				E73F7A551844A54E003BF2B1 /* .gitignore */,
				E7AE14851803F6870021F321 /* TestParse */,
				E7AE14A41803F6870021F321 /* TestParseTests */,
				E7AE147E1803F6870021F321 /* Frameworks */,
				E7AE147D1803F6870021F321 /* Products */,
			);
			sourceTree = "<group>";
		};
		E7AE147D1803F6870021F321 /* Products */ = {
			isa = PBXGroup;
			children = (
				E7AE147C1803F6870021F321 /* Woovent.app */,
				E7AE149D1803F6870021F321 /* WooventTests.xctest */,
			);
			name = Products;
			sourceTree = "<group>";
		};
		E7AE147E1803F6870021F321 /* Frameworks */ = {
			isa = PBXGroup;
			children = (
				E77E1DEE185878A800EF1F8A /* MessageUI.framework */,
				3F775D81184CB9A8007E8897 /* FacebookSDK.framework */,
				3F775D7D184CB973007E8897 /* Parse.framework */,
				3F775D7B184CB953007E8897 /* SDWebImage.framework */,
				3F1F63EF1844D1C300D1B01E /* TestFlight */,
				E7F10F99183F81E70061350A /* AssetsLibrary.framework */,
				E73DF7A5182AEB1700E560FF /* OpenGLES.framework */,
				E73DF7A3182AEB0D00E560FF /* libz.dylib */,
				E73DF7A1182AEB0600E560FF /* libicucore.dylib */,
				E73DF79F182AEAF700E560FF /* libc++.dylib */,
				E73DF79D182AEAE200E560FF /* GLKit.framework */,
				E73DF79B182AEAD700E560FF /* CoreText.framework */,
				E73DF799182AEABD00E560FF /* CoreData.framework */,
				E73DF797182AEAB400E560FF /* AVFoundation.framework */,
				E7A053C5182AB84700F43ED0 /* MapKit.framework */,
				E7896C831822ACA600DEBBDC /* ImageIO.framework */,
				E7AE14BE18059A070021F321 /* MobileCoreServices.framework */,
				E7AE14BF18059A070021F321 /* QuartzCore.framework */,
				E7AE14C018059A070021F321 /* Security.framework */,
				E7AE14C118059A070021F321 /* StoreKit.framework */,
				E7AE14C218059A070021F321 /* SystemConfiguration.framework */,
				E7AE14B8180599DE0021F321 /* AudioToolbox.framework */,
				E7AE14B9180599DE0021F321 /* CFNetwork.framework */,
				E7AE14BA180599DE0021F321 /* CoreLocation.framework */,
				E7AE14B6180599C70021F321 /* libz.1.1.3.dylib */,
				E7AE147F1803F6870021F321 /* Foundation.framework */,
				E7AE14811803F6870021F321 /* CoreGraphics.framework */,
				E7AE14831803F6870021F321 /* UIKit.framework */,
				E7AE149E1803F6870021F321 /* XCTest.framework */,
			);
			name = Frameworks;
			sourceTree = "<group>";
		};
		E7AE14851803F6870021F321 /* TestParse */ = {
			isa = PBXGroup;
			children = (
				3F93AF8D18572C3100865563 /* Main.storyboard */,
				E77E1DEA18585DF200EF1F8A /* Settings */,
				3F5385491857846600F24F35 /* Libraries */,
				3F5385461857574800F24F35 /* Sounds */,
				E7948A3D18562671004A5351 /* Notifications */,
				E75A0397181EE63D00A26EF3 /* Utilities */,
				E73F7A7A1844AF4D003BF2B1 /* UIImage */,
				E7F10F9B183F85670061350A /* Models */,
				E7237A92183E46DC00502113 /* ReLive */,
				E72055BA1833F8B4003D7AD0 /* Photo */,
				E7A27F8318296131009615A8 /* Memories */,
				E705F67C182799A800FB967E /* Events Details */,
				E75A0397181EE63D00A26EF3 /* Utilities */,
				E7896C461822939000DEBBDC /* List Invitations */,
				E75A0392181EB6FB00A26EF3 /* ListEvents */,
				E724E575180EF41A00741528 /* Connection */,
				E7AE148E1803F6870021F321 /* TestParseAppDelegate.h */,
				E7AE148F1803F6870021F321 /* TestParseAppDelegate.m */,
				E72055C318352E58003D7AD0 /* Images.xcassets */,
				E7896C1D18224D0800DEBBDC /* Resources */,
				E7AE14861803F6870021F321 /* Supporting Files */,
				E7D09A9518533EE400BBCAB6 /* FbEvents.xcdatamodeld */,
				E78F75B4185B669300817159 /* CGUViewController.h */,
				E78F75B5185B669300817159 /* CGUViewController.m */,
			);
			path = TestParse;
			sourceTree = "<group>";
		};
		E7AE14861803F6870021F321 /* Supporting Files */ = {
			isa = PBXGroup;
			children = (
				E7AE14871803F6870021F321 /* Woovent-Info.plist */,
				3F490CD51844F92B00A5811E /* InfoPlist.strings */,
				E7AE148B1803F6870021F321 /* main.m */,
				E7AE148D1803F6870021F321 /* Woovent-Prefix.pch */,
				3F490CD11844F86F00A5811E /* Localizable.strings */,
			);
			name = "Supporting Files";
			sourceTree = "<group>";
		};
		E7AE14A41803F6870021F321 /* TestParseTests */ = {
			isa = PBXGroup;
			children = (
				E7AE14AA1803F6870021F321 /* TestParseTests.m */,
				E7AE14A51803F6870021F321 /* Supporting Files */,
			);
			path = TestParseTests;
			sourceTree = "<group>";
		};
		E7AE14A51803F6870021F321 /* Supporting Files */ = {
			isa = PBXGroup;
			children = (
				E7AE14A61803F6870021F321 /* WooventTests-Info.plist */,
				E7AE14A71803F6870021F321 /* InfoPlist.strings */,
			);
			name = "Supporting Files";
			sourceTree = "<group>";
		};
		E7F10F92183F6BE70061350A /* CollectionViewPhotos */ = {
			isa = PBXGroup;
			children = (
				E7F10F93183F6C0A0061350A /* HeaderSectionsCollectionView.h */,
				E7F10F94183F6C0A0061350A /* HeaderSectionsCollectionView.m */,
				E7F10F9F183FA39F0061350A /* PhotosSelectionCell.h */,
				E7F10FA0183FA39F0061350A /* PhotosSelectionCell.m */,
			);
			name = CollectionViewPhotos;
			sourceTree = "<group>";
		};
		E7F10F9B183F85670061350A /* Models */ = {
			isa = PBXGroup;
			children = (
				E7948A301855CF8B004A5351 /* Database */,
				E7F10F9C183F85E80061350A /* Photo.h */,
				E7F10F9D183F85E80061350A /* Photo.m */,
			);
			name = Models;
			sourceTree = "<group>";
		};
/* End PBXGroup section */

/* Begin PBXNativeTarget section */
		E7AE147B1803F6870021F321 /* Woovent */ = {
			isa = PBXNativeTarget;
			buildConfigurationList = E7AE14AE1803F6870021F321 /* Build configuration list for PBXNativeTarget "Woovent" */;
			buildPhases = (
				E7AE14781803F6870021F321 /* Sources */,
				E7AE14791803F6870021F321 /* Frameworks */,
				E7AE147A1803F6870021F321 /* Resources */,
			);
			buildRules = (
			);
			dependencies = (
			);
			name = Woovent;
			productName = TestParse;
			productReference = E7AE147C1803F6870021F321 /* Woovent.app */;
			productType = "com.apple.product-type.application";
		};
		E7AE149C1803F6870021F321 /* WooventTests */ = {
			isa = PBXNativeTarget;
			buildConfigurationList = E7AE14B11803F6870021F321 /* Build configuration list for PBXNativeTarget "WooventTests" */;
			buildPhases = (
				E7AE14991803F6870021F321 /* Sources */,
				E7AE149A1803F6870021F321 /* Frameworks */,
				E7AE149B1803F6870021F321 /* Resources */,
			);
			buildRules = (
			);
			dependencies = (
				E7AE14A31803F6870021F321 /* PBXTargetDependency */,
			);
			name = WooventTests;
			productName = TestParseTests;
			productReference = E7AE149D1803F6870021F321 /* WooventTests.xctest */;
			productType = "com.apple.product-type.bundle.unit-test";
		};
/* End PBXNativeTarget section */

/* Begin PBXProject section */
		E7AE14741803F6870021F321 /* Project object */ = {
			isa = PBXProject;
			attributes = {
				CLASSPREFIX = TestParse;
				LastUpgradeCheck = 0500;
				ORGANIZATIONNAME = "Adrien Dulong";
				TargetAttributes = {
					E7AE147B1803F6870021F321 = {
						DevelopmentTeam = NH7JA75VJ4;
					};
					E7AE149C1803F6870021F321 = {
						TestTargetID = E7AE147B1803F6870021F321;
					};
				};
			};
			buildConfigurationList = E7AE14771803F6870021F321 /* Build configuration list for PBXProject "Woovent" */;
			compatibilityVersion = "Xcode 3.2";
			developmentRegion = English;
			hasScannedForEncodings = 0;
			knownRegions = (
				en,
				Base,
				fr,
				es,
			);
			mainGroup = E7AE14731803F6870021F321;
			productRefGroup = E7AE147D1803F6870021F321 /* Products */;
			projectDirPath = "";
			projectRoot = "";
			targets = (
				E7AE147B1803F6870021F321 /* Woovent */,
				E7AE149C1803F6870021F321 /* WooventTests */,
			);
		};
/* End PBXProject section */

/* Begin PBXResourcesBuildPhase section */
		E7AE147A1803F6870021F321 /* Resources */ = {
			isa = PBXResourcesBuildPhase;
			buildActionMask = 2147483647;
			files = (
				3F1F63F81844D1C400D1B01E /* release_notes.md in Resources */,
				3F490CD61844F92B00A5811E /* InfoPlist.strings in Resources */,
				E73F7A561844A54E003BF2B1 /* .gitignore in Resources */,
				3F93AF8B18572C3100865563 /* Main.storyboard in Resources */,
				3F538548185757FF00F24F35 /* shutter-photo.caf in Resources */,
				E72055C418352E58003D7AD0 /* Images.xcassets in Resources */,
				3F490CCF1844F86F00A5811E /* Localizable.strings in Resources */,
				3F1F63F71844D1C400D1B01E /* README.md in Resources */,
				E77FC7961849071900EDDE86 /* GoogleMaps.bundle in Resources */,
			);
			runOnlyForDeploymentPostprocessing = 0;
		};
		E7AE149B1803F6870021F321 /* Resources */ = {
			isa = PBXResourcesBuildPhase;
			buildActionMask = 2147483647;
			files = (
				E7AE14A91803F6870021F321 /* InfoPlist.strings in Resources */,
			);
			runOnlyForDeploymentPostprocessing = 0;
		};
/* End PBXResourcesBuildPhase section */

/* Begin PBXSourcesBuildPhase section */
		E7AE14781803F6870021F321 /* Sources */ = {
			isa = PBXSourcesBuildPhase;
			buildActionMask = 2147483647;
			files = (
				E70115D7183B886A0077EAB7 /* PhotoCell.m in Sources */,
				E745D417183CFB01007BBC3A /* CommentsCell.m in Sources */,
				E765014F1844FD8600B96E47 /* MemorieCell.m in Sources */,
				E77E1DED18585E1C00EF1F8A /* SettingsViewController.m in Sources */,
				E74F753E1847ADAF00F42E2A /* PhotosAlbumViewController.m in Sources */,
				E75A0395181EB71600A26EF3 /* EventsCell.m in Sources */,
				E73F7A851844AF5B003BF2B1 /* UIImage+ResizeAdditions.m in Sources */,
				E7948A391855D59F004A5351 /* Event.m in Sources */,
				E72055BD1833F9F1003D7AD0 /* CameraViewController.m in Sources */,
				E7C87D27184CF8CD00C586E6 /* LikesCollectionsController.m in Sources */,
				E70D4977184367A1007A0445 /* UploadFilesAutomaticViewController.m in Sources */,
				E76501521845225400B96E47 /* FirstMemorieCell.m in Sources */,
				E73F7A831844AF5B003BF2B1 /* UIImage+Alpha.m in Sources */,
				E70115DD183B92F90077EAB7 /* ActionPhotoCell.m in Sources */,
				E70D49801843CDE8007A0445 /* InvitedListViewController.m in Sources */,
				E70115D4183B88570077EAB7 /* OwnerPhotoCell.m in Sources */,
				E7294B981845F5590087719E /* MemoriesImportViewController.m in Sources */,
				E7B406F7181ADA86001559CF /* ListEvents.m in Sources */,
				E7AE14901803F6870021F321 /* TestParseAppDelegate.m in Sources */,
				E7AE148C1803F6870021F321 /* main.m in Sources */,
				E724E57E180F02E800741528 /* MOUtility.m in Sources */,
				E794953F18574B2E0014CA36 /* Invitation.m in Sources */,
				E7D193741840CC24008FD530 /* NSMutableArray+Reverse.m in Sources */,
				E7FA244A182CD26C00FFDBE6 /* PhotosCollectionViewController.m in Sources */,
				E7D193771840F016008FD530 /* MemoriesViewController.m in Sources */,
				3F5385521857853F00F24F35 /* MBProgressHUD.m in Sources */,
				E7294B951845F5360087719E /* MemoriesImportCell.m in Sources */,
				E70D49841843CE1E007A0445 /* InvitedCell.m in Sources */,
				E70D497A1843BEE4007A0445 /* DetailDescriptionViewController.m in Sources */,
				E70115DA183B88800077EAB7 /* LikesPhotoCell.m in Sources */,
				E72055C018351C42003D7AD0 /* SharePhotoViewController.m in Sources */,
				E7F10F98183F6C950061350A /* PhotosImportedViewController.m in Sources */,
				E73F7A861844AF5B003BF2B1 /* UIImage+RoundedCornerAdditions.m in Sources */,
				E74F753B1847A4A900F42E2A /* CustomBadge.m in Sources */,
				E7F10F95183F6C0A0061350A /* HeaderSectionsCollectionView.m in Sources */,
				E7948A40185626D4004A5351 /* NotificationsViewController.m in Sources */,
				E78F75B6185B669300817159 /* CGUViewController.m in Sources */,
				E73F7A841844AF5B003BF2B1 /* UIImage+AlphaAdditions.m in Sources */,
				E7FA244D182CE19E00FFDBE6 /* InfoHeaderCollectionView.m in Sources */,
				E7BD58B61823E9D200A62F2F /* FbEventsUtilities.m in Sources */,
				E7237A95183E470700502113 /* ChooseLastEventViewController.m in Sources */,
				E7896C49182293C600DEBBDC /* ListInvitationsController.m in Sources */,
				E74F53BA182962D000B1C1AF /* MemoriesController.m in Sources */,
				E7D09A9718533EE400BBCAB6 /* FbEvents.xcdatamodeld in Sources */,
				E7896C4C182294C400DEBBDC /* InvitationCell.m in Sources */,
				E7F10FA1183FA39F0061350A /* PhotosSelectionCell.m in Sources */,
				E7F10F9E183F85E80061350A /* Photo.m in Sources */,
				E7DA1B58183A9563000527A0 /* PhotoDetailViewController.m in Sources */,
				E7CFCF2A18362939001821BF /* TutorialViewController.m in Sources */,
				3F3986D4184E26F6009A2D54 /* CameraFocusSquare.m in Sources */,
				E7CFCF27183628AA001821BF /* LoginViewController.m in Sources */,
				E794954518575F770014CA36 /* Notification.m in Sources */,
				E7AE150E180999C00021F321 /* FirstLaunchViewController.m in Sources */,
				E79E5FB3181FCF1D00C8A3AC /* EventUtilities.m in Sources */,
				E76605A918337563009AABEE /* Constants.m in Sources */,
			);
			runOnlyForDeploymentPostprocessing = 0;
		};
		E7AE14991803F6870021F321 /* Sources */ = {
			isa = PBXSourcesBuildPhase;
			buildActionMask = 2147483647;
			files = (
				E7AE14AB1803F6870021F321 /* TestParseTests.m in Sources */,
			);
			runOnlyForDeploymentPostprocessing = 0;
		};
/* End PBXSourcesBuildPhase section */

/* Begin PBXTargetDependency section */
		E7AE14A31803F6870021F321 /* PBXTargetDependency */ = {
			isa = PBXTargetDependency;
			target = E7AE147B1803F6870021F321 /* Woovent */;
			targetProxy = E7AE14A21803F6870021F321 /* PBXContainerItemProxy */;
		};
/* End PBXTargetDependency section */

/* Begin PBXVariantGroup section */
		3F490CD11844F86F00A5811E /* Localizable.strings */ = {
			isa = PBXVariantGroup;
			children = (
				3F490CD01844F86F00A5811E /* Base */,
				3F490CD21844F87300A5811E /* fr */,
			);
			name = Localizable.strings;
			sourceTree = "<group>";
		};
		3F93AF8D18572C3100865563 /* Main.storyboard */ = {
			isa = PBXVariantGroup;
			children = (
				3FF33CD41860600900C32CF7 /* Base */,
				3FF33CD61860601B00C32CF7 /* fr */,
				3FF33CD8186061BE00C32CF7 /* en */,
			);
			name = Main.storyboard;
			sourceTree = "<group>";
		};
		E7AE14A71803F6870021F321 /* InfoPlist.strings */ = {
			isa = PBXVariantGroup;
			children = (
				E7AE14A81803F6870021F321 /* en */,
				3FB793D81844E6290037878A /* fr */,
			);
			name = InfoPlist.strings;
			sourceTree = "<group>";
		};
/* End PBXVariantGroup section */

/* Begin XCBuildConfiguration section */
		E7AE14AC1803F6870021F321 /* Debug */ = {
			isa = XCBuildConfiguration;
			buildSettings = {
				ALWAYS_SEARCH_USER_PATHS = NO;
				ARCHS = "$(ARCHS_STANDARD_INCLUDING_64_BIT)";
				CLANG_CXX_LANGUAGE_STANDARD = "gnu++0x";
				CLANG_CXX_LIBRARY = "libc++";
				CLANG_ENABLE_MODULES = YES;
				CLANG_ENABLE_OBJC_ARC = YES;
				CLANG_WARN_BOOL_CONVERSION = YES;
				CLANG_WARN_CONSTANT_CONVERSION = YES;
				CLANG_WARN_DIRECT_OBJC_ISA_USAGE = YES_ERROR;
				CLANG_WARN_EMPTY_BODY = YES;
				CLANG_WARN_ENUM_CONVERSION = YES;
				CLANG_WARN_INT_CONVERSION = YES;
				CLANG_WARN_OBJC_ROOT_CLASS = YES_ERROR;
				CLANG_WARN__DUPLICATE_METHOD_MATCH = YES;
				CODE_SIGN_IDENTITY = "iPhone Developer: Adrien Dulong (2RSN8753K7)";
				"CODE_SIGN_IDENTITY[sdk=iphoneos*]" = "iPhone Developer: Adrien Dulong (2RSN8753K7)";
				COPY_PHASE_STRIP = NO;
				GCC_C_LANGUAGE_STANDARD = gnu99;
				GCC_DYNAMIC_NO_PIC = NO;
				GCC_OPTIMIZATION_LEVEL = 0;
				GCC_PREPROCESSOR_DEFINITIONS = (
					"DEBUG=1",
					"$(inherited)",
				);
				GCC_SYMBOLS_PRIVATE_EXTERN = NO;
				GCC_WARN_64_TO_32_BIT_CONVERSION = YES;
				GCC_WARN_ABOUT_RETURN_TYPE = YES_ERROR;
				GCC_WARN_UNDECLARED_SELECTOR = YES;
				GCC_WARN_UNINITIALIZED_AUTOS = YES;
				GCC_WARN_UNUSED_FUNCTION = YES;
				GCC_WARN_UNUSED_VARIABLE = YES;
				IPHONEOS_DEPLOYMENT_TARGET = 7.0;
				ONLY_ACTIVE_ARCH = YES;
				OTHER_LDFLAGS = "-ObjC";
				PROVISIONING_PROFILE = "189D5A52-3817-43EE-940E-F987B39FE517";
				SDKROOT = iphoneos;
			};
			name = Debug;
		};
		E7AE14AD1803F6870021F321 /* Release */ = {
			isa = XCBuildConfiguration;
			buildSettings = {
				ALWAYS_SEARCH_USER_PATHS = NO;
				ARCHS = "$(ARCHS_STANDARD_INCLUDING_64_BIT)";
				CLANG_CXX_LANGUAGE_STANDARD = "gnu++0x";
				CLANG_CXX_LIBRARY = "libc++";
				CLANG_ENABLE_MODULES = YES;
				CLANG_ENABLE_OBJC_ARC = YES;
				CLANG_WARN_BOOL_CONVERSION = YES;
				CLANG_WARN_CONSTANT_CONVERSION = YES;
				CLANG_WARN_DIRECT_OBJC_ISA_USAGE = YES_ERROR;
				CLANG_WARN_EMPTY_BODY = YES;
				CLANG_WARN_ENUM_CONVERSION = YES;
				CLANG_WARN_INT_CONVERSION = YES;
				CLANG_WARN_OBJC_ROOT_CLASS = YES_ERROR;
				CLANG_WARN__DUPLICATE_METHOD_MATCH = YES;
				CODE_SIGN_IDENTITY = "iPhone Developer: Adrien Dulong (2RSN8753K7)";
				"CODE_SIGN_IDENTITY[sdk=iphoneos*]" = "iPhone Developer: Adrien Dulong (2RSN8753K7)";
				COPY_PHASE_STRIP = YES;
				ENABLE_NS_ASSERTIONS = NO;
				GCC_C_LANGUAGE_STANDARD = gnu99;
				GCC_WARN_64_TO_32_BIT_CONVERSION = YES;
				GCC_WARN_ABOUT_RETURN_TYPE = YES_ERROR;
				GCC_WARN_UNDECLARED_SELECTOR = YES;
				GCC_WARN_UNINITIALIZED_AUTOS = YES;
				GCC_WARN_UNUSED_FUNCTION = YES;
				GCC_WARN_UNUSED_VARIABLE = YES;
				IPHONEOS_DEPLOYMENT_TARGET = 7.0;
				OTHER_LDFLAGS = "-ObjC";
				PROVISIONING_PROFILE = "189D5A52-3817-43EE-940E-F987B39FE517";
				SDKROOT = iphoneos;
				VALIDATE_PRODUCT = NO;
			};
			name = Release;
		};
		E7AE14AF1803F6870021F321 /* Debug */ = {
			isa = XCBuildConfiguration;
			buildSettings = {
				ARCHS = "$(ARCHS_STANDARD)";
				ASSETCATALOG_COMPILER_APPICON_NAME = AppIcon;
				ASSETCATALOG_COMPILER_LAUNCHIMAGE_NAME = LaunchImage;
				CODE_SIGN_IDENTITY = "iPhone Developer";
				"CODE_SIGN_IDENTITY[sdk=iphoneos*]" = "iPhone Developer";
				FRAMEWORK_SEARCH_PATHS = (
					"$(inherited)",
					"$(SRCROOT)",
					"$(SRCROOT)/Libraries/Facebook",
					"$(SRCROOT)/Libraries/SDWebImage",
					"$(SRCROOT)/Libraries/TestFlight",
					"$(SRCROOT)/Libraries/Parse",
					"$(SRCROOT)/Libraries/GoogleMaps",
					/Users/Jeremy/Dropbox/iOS/fbeventsapp/Libraries/Facebook,
					/Users/Jeremy/Dropbox/iOS/fbeventsapp/Libraries/GoogleMaps,
					/Users/Jeremy/Dropbox/iOS/fbeventsapp/Libraries/Parse,
					/Users/Jeremy/Dropbox/iOS/fbeventsapp/Libraries/SDWebImage,
					/Users/adriendulong/Documents/Developpement/iPhone/TestParse/Libraries/GoogleMaps,
				);
				GCC_PRECOMPILE_PREFIX_HEADER = YES;
				GCC_PREFIX_HEADER = "TestParse/Woovent-Prefix.pch";
				INFOPLIST_FILE = "TestParse/Woovent-Info.plist";
				IPHONEOS_DEPLOYMENT_TARGET = 7.0;
				LIBRARY_SEARCH_PATHS = (
					"$(inherited)",
					"$(SRCROOT)",
					"$(SRCROOT)/Libraries/TestFlight",
				);
				OTHER_LDFLAGS = "-ObjC";
				PRODUCT_NAME = Woovent;
				PROVISIONING_PROFILE = "189D5A52-3817-43EE-940E-F987B39FE517";
				TARGETED_DEVICE_FAMILY = 1;
				WRAPPER_EXTENSION = app;
			};
			name = Debug;
		};
		E7AE14B01803F6870021F321 /* Release */ = {
			isa = XCBuildConfiguration;
			buildSettings = {
				ARCHS = "$(ARCHS_STANDARD)";
				ASSETCATALOG_COMPILER_APPICON_NAME = AppIcon;
				ASSETCATALOG_COMPILER_LAUNCHIMAGE_NAME = LaunchImage;
				CODE_SIGN_IDENTITY = "iPhone Developer";
				"CODE_SIGN_IDENTITY[sdk=iphoneos*]" = "iPhone Developer";
				FRAMEWORK_SEARCH_PATHS = (
					"$(inherited)",
					"$(SRCROOT)",
					"$(SRCROOT)/Libraries/Facebook",
					"$(SRCROOT)/Libraries/SDWebImage",
					"$(SRCROOT)/Libraries/TestFlight",
					"$(SRCROOT)/Libraries/Parse",
					"$(SRCROOT)/Libraries/GoogleMaps",
					/Users/Jeremy/Dropbox/iOS/fbeventsapp/Libraries/Facebook,
					/Users/Jeremy/Dropbox/iOS/fbeventsapp/Libraries/GoogleMaps,
					/Users/Jeremy/Dropbox/iOS/fbeventsapp/Libraries/Parse,
					/Users/Jeremy/Dropbox/iOS/fbeventsapp/Libraries/SDWebImage,
					/Users/adriendulong/Documents/Developpement/iPhone/TestParse/Libraries/GoogleMaps,
				);
				GCC_PRECOMPILE_PREFIX_HEADER = YES;
				GCC_PREFIX_HEADER = "TestParse/Woovent-Prefix.pch";
				INFOPLIST_FILE = "TestParse/Woovent-Info.plist";
				IPHONEOS_DEPLOYMENT_TARGET = 7.0;
				LIBRARY_SEARCH_PATHS = (
					"$(inherited)",
					"$(SRCROOT)",
					"$(SRCROOT)/Libraries/TestFlight",
				);
				OTHER_LDFLAGS = "-ObjC";
				PRODUCT_NAME = Woovent;
				PROVISIONING_PROFILE = "189D5A52-3817-43EE-940E-F987B39FE517";
				TARGETED_DEVICE_FAMILY = 1;
				WRAPPER_EXTENSION = app;
			};
			name = Release;
		};
		E7AE14B21803F6870021F321 /* Debug */ = {
			isa = XCBuildConfiguration;
			buildSettings = {
				ARCHS = "$(ARCHS_STANDARD_INCLUDING_64_BIT)";
				BUNDLE_LOADER = "$(BUILT_PRODUCTS_DIR)/TestParse.app/TestParse";
				FRAMEWORK_SEARCH_PATHS = (
					"$(SDKROOT)/Developer/Library/Frameworks",
					"$(inherited)",
					"$(DEVELOPER_FRAMEWORKS_DIR)",
				);
				GCC_PRECOMPILE_PREFIX_HEADER = YES;
				GCC_PREFIX_HEADER = "TestParse/TestParse-Prefix.pch";
				GCC_PREPROCESSOR_DEFINITIONS = (
					"DEBUG=1",
					"$(inherited)",
				);
				INFOPLIST_FILE = "TestParseTests/WooventTests-Info.plist";
				PRODUCT_NAME = WooventTests;
				TEST_HOST = "$(BUNDLE_LOADER)";
				WRAPPER_EXTENSION = xctest;
			};
			name = Debug;
		};
		E7AE14B31803F6870021F321 /* Release */ = {
			isa = XCBuildConfiguration;
			buildSettings = {
				ARCHS = "$(ARCHS_STANDARD_INCLUDING_64_BIT)";
				BUNDLE_LOADER = "$(BUILT_PRODUCTS_DIR)/TestParse.app/TestParse";
				FRAMEWORK_SEARCH_PATHS = (
					"$(SDKROOT)/Developer/Library/Frameworks",
					"$(inherited)",
					"$(DEVELOPER_FRAMEWORKS_DIR)",
				);
				GCC_PRECOMPILE_PREFIX_HEADER = YES;
				GCC_PREFIX_HEADER = "TestParse/TestParse-Prefix.pch";
				INFOPLIST_FILE = "TestParseTests/WooventTests-Info.plist";
				PRODUCT_NAME = WooventTests;
				TEST_HOST = "$(BUNDLE_LOADER)";
				WRAPPER_EXTENSION = xctest;
			};
			name = Release;
		};
/* End XCBuildConfiguration section */

/* Begin XCConfigurationList section */
		E7AE14771803F6870021F321 /* Build configuration list for PBXProject "Woovent" */ = {
			isa = XCConfigurationList;
			buildConfigurations = (
				E7AE14AC1803F6870021F321 /* Debug */,
				E7AE14AD1803F6870021F321 /* Release */,
			);
			defaultConfigurationIsVisible = 0;
			defaultConfigurationName = Release;
		};
		E7AE14AE1803F6870021F321 /* Build configuration list for PBXNativeTarget "Woovent" */ = {
			isa = XCConfigurationList;
			buildConfigurations = (
				E7AE14AF1803F6870021F321 /* Debug */,
				E7AE14B01803F6870021F321 /* Release */,
			);
			defaultConfigurationIsVisible = 0;
			defaultConfigurationName = Release;
		};
		E7AE14B11803F6870021F321 /* Build configuration list for PBXNativeTarget "WooventTests" */ = {
			isa = XCConfigurationList;
			buildConfigurations = (
				E7AE14B21803F6870021F321 /* Debug */,
				E7AE14B31803F6870021F321 /* Release */,
			);
			defaultConfigurationIsVisible = 0;
			defaultConfigurationName = Release;
		};
/* End XCConfigurationList section */

/* Begin XCVersionGroup section */
		E7D09A9518533EE400BBCAB6 /* FbEvents.xcdatamodeld */ = {
			isa = XCVersionGroup;
			children = (
				E7949536185732430014CA36 /* FbEvents 2.xcdatamodel */,
				E7D09A9618533EE400BBCAB6 /* FbEvents.xcdatamodel */,
			);
			currentVersion = E7949536185732430014CA36 /* FbEvents 2.xcdatamodel */;
			path = FbEvents.xcdatamodeld;
			sourceTree = "<group>";
			versionGroupType = wrapper.xcdatamodel;
		};
/* End XCVersionGroup section */
	};
	rootObject = E7AE14741803F6870021F321 /* Project object */;
}
